PODS:
  - Alamofire (5.4.2)
  - HandyJSON (5.0.2)
  - HMSegmentedControl (1.5.6)
  - Kingfisher (6.2.1)
  - MBProgressHUD (1.2.0)
  - MJRefresh (3.5.0)
  - Moya (14.0.0):
    - Moya/Core (= 14.0.0)
  - Moya/Core (14.0.0):
    - Alamofire (~> 5.0)
  - RxCocoa (6.2.0):
    - RxRelay (= 6.2.0)
    - RxSwift (= 6.2.0)
  - RxRelay (6.2.0):
    - RxSwift (= 6.2.0)
  - RxSwift (6.2.0)
  - SnapKit (5.0.1)
  - SwiftyJSON (5.0.1)

DEPENDENCIES:
  - Alamofire (~> 5.4)
  - HandyJSON (~> 5.0.2)
  - HMSegmentedControl
  - Kingfisher (~> 6.2.0)
  - MBProgressHUD (~> 1.2.0)
  - MJRefresh (~> 3.5.0)
  - Moya (~> 14.0)
  - RxCocoa (= 6.2.0)
  - RxSwift (= 6.2.0)
  - SnapKit (~> 5.0.0)
  - SwiftyJSON

SPEC REPOS:
  https://github.com/CocoaPods/Specs.git:
    - Alamofire
    - HandyJSON
    - HMSegmentedControl
    - Kingfisher
    - MBProgressHUD
    - MJRefresh
    - Moya
    - RxCocoa
    - RxRelay
    - RxSwift
    - SnapKit
    - SwiftyJSON

SPEC CHECKSUMS:
  Alamofire: bfbc4c2fe5909b1d94fb4ef2277c6b3727ef5dae
  HandyJSON: 9e4e236f5d2dbefad5155a77417bbea438201c03
  HMSegmentedControl: 34c1f54d822d8308e7b24f5d901ec674dfa31352
  Kingfisher: e71c6fac2aebb1262888cabc2cb13d313362a48f
  MBProgressHUD: 3ee5efcc380f6a79a7cc9b363dd669c5e1ae7406
  MJRefresh: 6afc955813966afb08305477dd7a0d9ad5e79a16
  Moya: 5b45dacb75adb009f97fde91c204c1e565d31916
  RxCocoa: 4baf94bb35f2c0ab31bc0cb9f1900155f646ba42
  RxRelay: e72dbfd157807478401ef1982e1c61c945c94b2f
  RxSwift: d356ab7bee873611322f134c5f9ef379fa183d8f
  SnapKit: 97b92857e3df3a0c71833cce143274bf6ef8e5eb
  SwiftyJSON: 2f33a42c6fbc52764d96f13368585094bfd8aa5e

PODFILE CHECKSUM: 3072e6cdf0b77dbfedc4174e5794adbb1384cc16

COCOAPODS: 1.11.2
