// !$*UTF8*$!
{
	archiveVersion = 1;
	classes = {
	};
	objectVersion = 50;
	objects = {

/* Begin PBXBuildFile section */
		5758A665248E33420021D43B /* AppDelegate.swift in Sources */ = {isa = PBXBuildFile; fileRef = 5758A664248E33420021D43B /* AppDelegate.swift */; };
		5758A667248E33420021D43B /* SceneDelegate.swift in Sources */ = {isa = PBXBuildFile; fileRef = 5758A666248E33420021D43B /* SceneDelegate.swift */; };
		5758A669248E33420021D43B /* ViewController.swift in Sources */ = {isa = PBXBuildFile; fileRef = 5758A668248E33420021D43B /* ViewController.swift */; };
		5758A66C248E33420021D43B /* Main.storyboard in Resources */ = {isa = PBXBuildFile; fileRef = 5758A66A248E33420021D43B /* Main.storyboard */; };
		5758A66E248E33430021D43B /* Assets.xcassets in Resources */ = {isa = PBXBuildFile; fileRef = 5758A66D248E33430021D43B /* Assets.xcassets */; };
		5758A671248E33430021D43B /* LaunchScreen.storyboard in Resources */ = {isa = PBXBuildFile; fileRef = 5758A66F248E33430021D43B /* LaunchScreen.storyboard */; };
		5758A67C248E33430021D43B /* CustomTransitionTests.swift in Sources */ = {isa = PBXBuildFile; fileRef = 5758A67B248E33430021D43B /* CustomTransitionTests.swift */; };
		5758A687248E3BDB0021D43B /* CollectionCellModel.swift in Sources */ = {isa = PBXBuildFile; fileRef = 5758A686248E3BDB0021D43B /* CollectionCellModel.swift */; };
		5758A689248E3C2E0021D43B /* CollectionViewCell.swift in Sources */ = {isa = PBXBuildFile; fileRef = 5758A688248E3C2E0021D43B /* CollectionViewCell.swift */; };
		5758A68B248E459D0021D43B /* DetailViewController.swift in Sources */ = {isa = PBXBuildFile; fileRef = 5758A68A248E459D0021D43B /* DetailViewController.swift */; };
/* End PBXBuildFile section */

/* Begin PBXContainerItemProxy section */
		5758A678248E33430021D43B /* PBXContainerItemProxy */ = {
			isa = PBXContainerItemProxy;
			containerPortal = 5758A659248E33420021D43B /* Project object */;
			proxyType = 1;
			remoteGlobalIDString = 5758A660248E33420021D43B;
			remoteInfo = CustomTransition;
		};
/* End PBXContainerItemProxy section */

/* Begin PBXFileReference section */
		5758A661248E33420021D43B /* CustomTransition.app */ = {isa = PBXFileReference; explicitFileType = wrapper.application; includeInIndex = 0; path = CustomTransition.app; sourceTree = BUILT_PRODUCTS_DIR; };
		5758A664248E33420021D43B /* AppDelegate.swift */ = {isa = PBXFileReference; lastKnownFileType = sourcecode.swift; path = AppDelegate.swift; sourceTree = "<group>"; };
		5758A666248E33420021D43B /* SceneDelegate.swift */ = {isa = PBXFileReference; lastKnownFileType = sourcecode.swift; path = SceneDelegate.swift; sourceTree = "<group>"; };
		5758A668248E33420021D43B /* ViewController.swift */ = {isa = PBXFileReference; lastKnownFileType = sourcecode.swift; path = ViewController.swift; sourceTree = "<group>"; };
		5758A66B248E33420021D43B /* Base */ = {isa = PBXFileReference; lastKnownFileType = file.storyboard; name = Base; path = Base.lproj/Main.storyboard; sourceTree = "<group>"; };
		5758A66D248E33430021D43B /* Assets.xcassets */ = {isa = PBXFileReference; lastKnownFileType = folder.assetcatalog; path = Assets.xcassets; sourceTree = "<group>"; };
		5758A670248E33430021D43B /* Base */ = {isa = PBXFileReference; lastKnownFileType = file.storyboard; name = Base; path = Base.lproj/LaunchScreen.storyboard; sourceTree = "<group>"; };
		5758A672248E33430021D43B /* Info.plist */ = {isa = PBXFileReference; lastKnownFileType = text.plist.xml; path = Info.plist; sourceTree = "<group>"; };
		5758A677248E33430021D43B /* CustomTransitionTests.xctest */ = {isa = PBXFileReference; explicitFileType = wrapper.cfbundle; includeInIndex = 0; path = CustomTransitionTests.xctest; sourceTree = BUILT_PRODUCTS_DIR; };
		5758A67B248E33430021D43B /* CustomTransitionTests.swift */ = {isa = PBXFileReference; lastKnownFileType = sourcecode.swift; path = CustomTransitionTests.swift; sourceTree = "<group>"; };
		5758A67D248E33430021D43B /* Info.plist */ = {isa = PBXFileReference; lastKnownFileType = text.plist.xml; path = Info.plist; sourceTree = "<group>"; };
		5758A686248E3BDB0021D43B /* CollectionCellModel.swift */ = {isa = PBXFileReference; lastKnownFileType = sourcecode.swift; path = CollectionCellModel.swift; sourceTree = "<group>"; };
		5758A688248E3C2E0021D43B /* CollectionViewCell.swift */ = {isa = PBXFileReference; lastKnownFileType = sourcecode.swift; path = CollectionViewCell.swift; sourceTree = "<group>"; };
		5758A68A248E459D0021D43B /* DetailViewController.swift */ = {isa = PBXFileReference; lastKnownFileType = sourcecode.swift; path = DetailViewController.swift; sourceTree = "<group>"; };
/* End PBXFileReference section */

/* Begin PBXFrameworksBuildPhase section */
		5758A65E248E33420021D43B /* Frameworks */ = {
			isa = PBXFrameworksBuildPhase;
			buildActionMask = 2147483647;
			files = (
			);
			runOnlyForDeploymentPostprocessing = 0;
		};
		5758A674248E33430021D43B /* Frameworks */ = {
			isa = PBXFrameworksBuildPhase;
			buildActionMask = 2147483647;
			files = (
			);
			runOnlyForDeploymentPostprocessing = 0;
		};
/* End PBXFrameworksBuildPhase section */

/* Begin PBXGroup section */
		5758A658248E33420021D43B = {
			isa = PBXGroup;
			children = (
				5758A663248E33420021D43B /* CustomTransition */,
				5758A67A248E33430021D43B /* CustomTransitionTests */,
				5758A662248E33420021D43B /* Products */,
			);
			sourceTree = "<group>";
		};
		5758A662248E33420021D43B /* Products */ = {
			isa = PBXGroup;
			children = (
				5758A661248E33420021D43B /* CustomTransition.app */,
				5758A677248E33430021D43B /* CustomTransitionTests.xctest */,
			);
			name = Products;
			sourceTree = "<group>";
		};
		5758A663248E33420021D43B /* CustomTransition */ = {
			isa = PBXGroup;
			children = (
				5758A664248E33420021D43B /* AppDelegate.swift */,
				5758A666248E33420021D43B /* SceneDelegate.swift */,
				5758A668248E33420021D43B /* ViewController.swift */,
				5758A686248E3BDB0021D43B /* CollectionCellModel.swift */,
				5758A688248E3C2E0021D43B /* CollectionViewCell.swift */,
				5758A68A248E459D0021D43B /* DetailViewController.swift */,
				5758A66A248E33420021D43B /* Main.storyboard */,
				5758A66D248E33430021D43B /* Assets.xcassets */,
				5758A66F248E33430021D43B /* LaunchScreen.storyboard */,
				5758A672248E33430021D43B /* Info.plist */,
			);
			path = CustomTransition;
			sourceTree = "<group>";
		};
		5758A67A248E33430021D43B /* CustomTransitionTests */ = {
			isa = PBXGroup;
			children = (
				5758A67B248E33430021D43B /* CustomTransitionTests.swift */,
				5758A67D248E33430021D43B /* Info.plist */,
			);
			path = CustomTransitionTests;
			sourceTree = "<group>";
		};
/* End PBXGroup section */

/* Begin PBXNativeTarget section */
		5758A660248E33420021D43B /* CustomTransition */ = {
			isa = PBXNativeTarget;
			buildConfigurationList = 5758A680248E33430021D43B /* Build configuration list for PBXNativeTarget "CustomTransition" */;
			buildPhases = (
				5758A65D248E33420021D43B /* Sources */,
				5758A65E248E33420021D43B /* Frameworks */,
				5758A65F248E33420021D43B /* Resources */,
			);
			buildRules = (
			);
			dependencies = (
			);
			name = CustomTransition;
			productName = CustomTransition;
			productReference = 5758A661248E33420021D43B /* CustomTransition.app */;
			productType = "com.apple.product-type.application";
		};
		5758A676248E33430021D43B /* CustomTransitionTests */ = {
			isa = PBXNativeTarget;
			buildConfigurationList = 5758A683248E33430021D43B /* Build configuration list for PBXNativeTarget "CustomTransitionTests" */;
			buildPhases = (
				5758A673248E33430021D43B /* Sources */,
				5758A674248E33430021D43B /* Frameworks */,
				5758A675248E33430021D43B /* Resources */,
			);
			buildRules = (
			);
			dependencies = (
				5758A679248E33430021D43B /* PBXTargetDependency */,
			);
			name = CustomTransitionTests;
			productName = CustomTransitionTests;
			productReference = 5758A677248E33430021D43B /* CustomTransitionTests.xctest */;
			productType = "com.apple.product-type.bundle.unit-test";
		};
/* End PBXNativeTarget section */

/* Begin PBXProject section */
		5758A659248E33420021D43B /* Project object */ = {
			isa = PBXProject;
			attributes = {
				LastSwiftUpdateCheck = 1120;
				LastUpgradeCheck = 1120;
				ORGANIZATIONNAME = MinJing_Lin;
				TargetAttributes = {
					5758A660248E33420021D43B = {
						CreatedOnToolsVersion = 11.2.1;
					};
					5758A676248E33430021D43B = {
						CreatedOnToolsVersion = 11.2.1;
						TestTargetID = 5758A660248E33420021D43B;
					};
				};
			};
			buildConfigurationList = 5758A65C248E33420021D43B /* Build configuration list for PBXProject "CustomTransition" */;
			compatibilityVersion = "Xcode 9.3";
			developmentRegion = en;
			hasScannedForEncodings = 0;
			knownRegions = (
				en,
				Base,
			);
			mainGroup = 5758A658248E33420021D43B;
			productRefGroup = 5758A662248E33420021D43B /* Products */;
			projectDirPath = "";
			projectRoot = "";
			targets = (
				5758A660248E33420021D43B /* CustomTransition */,
				5758A676248E33430021D43B /* CustomTransitionTests */,
			);
		};
/* End PBXProject section */

/* Begin PBXResourcesBuildPhase section */
		5758A65F248E33420021D43B /* Resources */ = {
			isa = PBXResourcesBuildPhase;
			buildActionMask = 2147483647;
			files = (
				5758A671248E33430021D43B /* LaunchScreen.storyboard in Resources */,
				5758A66E248E33430021D43B /* Assets.xcassets in Resources */,
				5758A66C248E33420021D43B /* Main.storyboard in Resources */,
			);
			runOnlyForDeploymentPostprocessing = 0;
		};
		5758A675248E33430021D43B /* Resources */ = {
			isa = PBXResourcesBuildPhase;
			buildActionMask = 2147483647;
			files = (
			);
			runOnlyForDeploymentPostprocessing = 0;
		};
/* End PBXResourcesBuildPhase section */

/* Begin PBXSourcesBuildPhase section */
		5758A65D248E33420021D43B /* Sources */ = {
			isa = PBXSourcesBuildPhase;
			buildActionMask = 2147483647;
			files = (
				5758A689248E3C2E0021D43B /* CollectionViewCell.swift in Sources */,
				5758A669248E33420021D43B /* ViewController.swift in Sources */,
				5758A687248E3BDB0021D43B /* CollectionCellModel.swift in Sources */,
				5758A68B248E459D0021D43B /* DetailViewController.swift in Sources */,
				5758A665248E33420021D43B /* AppDelegate.swift in Sources */,
				5758A667248E33420021D43B /* SceneDelegate.swift in Sources */,
			);
			runOnlyForDeploymentPostprocessing = 0;
		};
		5758A673248E33430021D43B /* Sources */ = {
			isa = PBXSourcesBuildPhase;
			buildActionMask = 2147483647;
			files = (
				5758A67C248E33430021D43B /* CustomTransitionTests.swift in Sources */,
			);
			runOnlyForDeploymentPostprocessing = 0;
		};
/* End PBXSourcesBuildPhase section */

/* Begin PBXTargetDependency section */
		5758A679248E33430021D43B /* PBXTargetDependency */ = {
			isa = PBXTargetDependency;
			target = 5758A660248E33420021D43B /* CustomTransition */;
			targetProxy = 5758A678248E33430021D43B /* PBXContainerItemProxy */;
		};
/* End PBXTargetDependency section */

/* Begin PBXVariantGroup section */
		5758A66A248E33420021D43B /* Main.storyboard */ = {
			isa = PBXVariantGroup;
			children = (
				5758A66B248E33420021D43B /* Base */,
			);
			name = Main.storyboard;
			sourceTree = "<group>";
		};
		5758A66F248E33430021D43B /* LaunchScreen.storyboard */ = {
			isa = PBXVariantGroup;
			children = (
				5758A670248E33430021D43B /* Base */,
			);
			name = LaunchScreen.storyboard;
			sourceTree = "<group>";
		};
/* End PBXVariantGroup section */

/* Begin XCBuildConfiguration section */
		5758A67E248E33430021D43B /* Debug */ = {
			isa = XCBuildConfiguration;
			buildSettings = {
				ALWAYS_SEARCH_USER_PATHS = NO;
				CLANG_ANALYZER_NONNULL = YES;
				CLANG_ANALYZER_NUMBER_OBJECT_CONVERSION = YES_AGGRESSIVE;
				CLANG_CXX_LANGUAGE_STANDARD = "gnu++14";
				CLANG_CXX_LIBRARY = "libc++";
				CLANG_ENABLE_MODULES = YES;
				CLANG_ENABLE_OBJC_ARC = YES;
				CLANG_ENABLE_OBJC_WEAK = YES;
				CLANG_WARN_BLOCK_CAPTURE_AUTORELEASING = YES;
				CLANG_WARN_BOOL_CONVERSION = YES;
				CLANG_WARN_COMMA = YES;
				CLANG_WARN_CONSTANT_CONVERSION = YES;
				CLANG_WARN_DEPRECATED_OBJC_IMPLEMENTATIONS = YES;
				CLANG_WARN_DIRECT_OBJC_ISA_USAGE = YES_ERROR;
				CLANG_WARN_DOCUMENTATION_COMMENTS = YES;
				CLANG_WARN_EMPTY_BODY = YES;
				CLANG_WARN_ENUM_CONVERSION = YES;
				CLANG_WARN_INFINITE_RECURSION = YES;
				CLANG_WARN_INT_CONVERSION = YES;
				CLANG_WARN_NON_LITERAL_NULL_CONVERSION = YES;
				CLANG_WARN_OBJC_IMPLICIT_RETAIN_SELF = YES;
				CLANG_WARN_OBJC_LITERAL_CONVERSION = YES;
				CLANG_WARN_OBJC_ROOT_CLASS = YES_ERROR;
				CLANG_WARN_RANGE_LOOP_ANALYSIS = YES;
				CLANG_WARN_STRICT_PROTOTYPES = YES;
				CLANG_WARN_SUSPICIOUS_MOVE = YES;
				CLANG_WARN_UNGUARDED_AVAILABILITY = YES_AGGRESSIVE;
				CLANG_WARN_UNREACHABLE_CODE = YES;
				CLANG_WARN__DUPLICATE_METHOD_MATCH = YES;
				COPY_PHASE_STRIP = NO;
				DEBUG_INFORMATION_FORMAT = dwarf;
				ENABLE_STRICT_OBJC_MSGSEND = YES;
				ENABLE_TESTABILITY = YES;
				GCC_C_LANGUAGE_STANDARD = gnu11;
				GCC_DYNAMIC_NO_PIC = NO;
				GCC_NO_COMMON_BLOCKS = YES;
				GCC_OPTIMIZATION_LEVEL = 0;
				GCC_PREPROCESSOR_DEFINITIONS = (
					"DEBUG=1",
					"$(inherited)",
				);
				GCC_WARN_64_TO_32_BIT_CONVERSION = YES;
				GCC_WARN_ABOUT_RETURN_TYPE = YES_ERROR;
				GCC_WARN_UNDECLARED_SELECTOR = YES;
				GCC_WARN_UNINITIALIZED_AUTOS = YES_AGGRESSIVE;
				GCC_WARN_UNUSED_FUNCTION = YES;
				GCC_WARN_UNUSED_VARIABLE = YES;
				IPHONEOS_DEPLOYMENT_TARGET = 13.2;
				MTL_ENABLE_DEBUG_INFO = INCLUDE_SOURCE;
				MTL_FAST_MATH = YES;
				ONLY_ACTIVE_ARCH = YES;
				SDKROOT = iphoneos;
				SWIFT_ACTIVE_COMPILATION_CONDITIONS = DEBUG;
				SWIFT_OPTIMIZATION_LEVEL = "-Onone";
			};
			name = Debug;
		};
		5758A67F248E33430021D43B /* Release */ = {
			isa = XCBuildConfiguration;
			buildSettings = {
				ALWAYS_SEARCH_USER_PATHS = NO;
				CLANG_ANALYZER_NONNULL = YES;
				CLANG_ANALYZER_NUMBER_OBJECT_CONVERSION = YES_AGGRESSIVE;
				CLANG_CXX_LANGUAGE_STANDARD = "gnu++14";
				CLANG_CXX_LIBRARY = "libc++";
				CLANG_ENABLE_MODULES = YES;
				CLANG_ENABLE_OBJC_ARC = YES;
				CLANG_ENABLE_OBJC_WEAK = YES;
				CLANG_WARN_BLOCK_CAPTURE_AUTORELEASING = YES;
				CLANG_WARN_BOOL_CONVERSION = YES;
				CLANG_WARN_COMMA = YES;
				CLANG_WARN_CONSTANT_CONVERSION = YES;
				CLANG_WARN_DEPRECATED_OBJC_IMPLEMENTATIONS = YES;
				CLANG_WARN_DIRECT_OBJC_ISA_USAGE = YES_ERROR;
				CLANG_WARN_DOCUMENTATION_COMMENTS = YES;
				CLANG_WARN_EMPTY_BODY = YES;
				CLANG_WARN_ENUM_CONVERSION = YES;
				CLANG_WARN_INFINITE_RECURSION = YES;
				CLANG_WARN_INT_CONVERSION = YES;
				CLANG_WARN_NON_LITERAL_NULL_CONVERSION = YES;
				CLANG_WARN_OBJC_IMPLICIT_RETAIN_SELF = YES;
				CLANG_WARN_OBJC_LITERAL_CONVERSION = YES;
				CLANG_WARN_OBJC_ROOT_CLASS = YES_ERROR;
				CLANG_WARN_RANGE_LOOP_ANALYSIS = YES;
				CLANG_WARN_STRICT_PROTOTYPES = YES;
				CLANG_WARN_SUSPICIOUS_MOVE = YES;
				CLANG_WARN_UNGUARDED_AVAILABILITY = YES_AGGRESSIVE;
				CLANG_WARN_UNREACHABLE_CODE = YES;
				CLANG_WARN__DUPLICATE_METHOD_MATCH = YES;
				COPY_PHASE_STRIP = NO;
				DEBUG_INFORMATION_FORMAT = "dwarf-with-dsym";
				ENABLE_NS_ASSERTIONS = NO;
				ENABLE_STRICT_OBJC_MSGSEND = YES;
				GCC_C_LANGUAGE_STANDARD = gnu11;
				GCC_NO_COMMON_BLOCKS = YES;
				GCC_WARN_64_TO_32_BIT_CONVERSION = YES;
				GCC_WARN_ABOUT_RETURN_TYPE = YES_ERROR;
				GCC_WARN_UNDECLARED_SELECTOR = YES;
				GCC_WARN_UNINITIALIZED_AUTOS = YES_AGGRESSIVE;
				GCC_WARN_UNUSED_FUNCTION = YES;
				GCC_WARN_UNUSED_VARIABLE = YES;
				IPHONEOS_DEPLOYMENT_TARGET = 13.2;
				MTL_ENABLE_DEBUG_INFO = NO;
				MTL_FAST_MATH = YES;
				SDKROOT = iphoneos;
				SWIFT_COMPILATION_MODE = wholemodule;
				SWIFT_OPTIMIZATION_LEVEL = "-O";
				VALIDATE_PRODUCT = YES;
			};
			name = Release;
		};
		5758A681248E33430021D43B /* Debug */ = {
			isa = XCBuildConfiguration;
			buildSettings = {
				ASSETCATALOG_COMPILER_APPICON_NAME = AppIcon;
				CODE_SIGN_STYLE = Automatic;
				INFOPLIST_FILE = CustomTransition/Info.plist;
				LD_RUNPATH_SEARCH_PATHS = (
					"$(inherited)",
					"@executable_path/Frameworks",
				);
				PRODUCT_BUNDLE_IDENTIFIER = "MinJing-Lin.CustomTransition";
				PRODUCT_NAME = "$(TARGET_NAME)";
				SWIFT_VERSION = 5.0;
				TARGETED_DEVICE_FAMILY = "1,2";
			};
			name = Debug;
		};
		5758A682248E33430021D43B /* Release */ = {
			isa = XCBuildConfiguration;
			buildSettings = {
				ASSETCATALOG_COMPILER_APPICON_NAME = AppIcon;
				CODE_SIGN_STYLE = Automatic;
				INFOPLIST_FILE = CustomTransition/Info.plist;
				LD_RUNPATH_SEARCH_PATHS = (
					"$(inherited)",
					"@executable_path/Frameworks",
				);
				PRODUCT_BUNDLE_IDENTIFIER = "MinJing-Lin.CustomTransition";
				PRODUCT_NAME = "$(TARGET_NAME)";
				SWIFT_VERSION = 5.0;
				TARGETED_DEVICE_FAMILY = "1,2";
			};
			name = Release;
		};
		5758A684248E33430021D43B /* Debug */ = {
			isa = XCBuildConfiguration;
			buildSettings = {
				ALWAYS_EMBED_SWIFT_STANDARD_LIBRARIES = YES;
				BUNDLE_LOADER = "$(TEST_HOST)";
				CODE_SIGN_STYLE = Automatic;
				INFOPLIST_FILE = CustomTransitionTests/Info.plist;
				IPHONEOS_DEPLOYMENT_TARGET = 13.2;
				LD_RUNPATH_SEARCH_PATHS = (
					"$(inherited)",
					"@executable_path/Frameworks",
					"@loader_path/Frameworks",
				);
				PRODUCT_BUNDLE_IDENTIFIER = "MinJing-Lin.CustomTransitionTests";
				PRODUCT_NAME = "$(TARGET_NAME)";
				SWIFT_VERSION = 5.0;
				TARGETED_DEVICE_FAMILY = "1,2";
				TEST_HOST = "$(BUILT_PRODUCTS_DIR)/CustomTransition.app/CustomTransition";
			};
			name = Debug;
		};
		5758A685248E33430021D43B /* Release */ = {
			isa = XCBuildConfiguration;
			buildSettings = {
				ALWAYS_EMBED_SWIFT_STANDARD_LIBRARIES = YES;
				BUNDLE_LOADER = "$(TEST_HOST)";
				CODE_SIGN_STYLE = Automatic;
				INFOPLIST_FILE = CustomTransitionTests/Info.plist;
				IPHONEOS_DEPLOYMENT_TARGET = 13.2;
				LD_RUNPATH_SEARCH_PATHS = (
					"$(inherited)",
					"@executable_path/Frameworks",
					"@loader_path/Frameworks",
				);
				PRODUCT_BUNDLE_IDENTIFIER = "MinJing-Lin.CustomTransitionTests";
				PRODUCT_NAME = "$(TARGET_NAME)";
				SWIFT_VERSION = 5.0;
				TARGETED_DEVICE_FAMILY = "1,2";
				TEST_HOST = "$(BUILT_PRODUCTS_DIR)/CustomTransition.app/CustomTransition";
			};
			name = Release;
		};
/* End XCBuildConfiguration section */

/* Begin XCConfigurationList section */
		5758A65C248E33420021D43B /* Build configuration list for PBXProject "CustomTransition" */ = {
			isa = XCConfigurationList;
			buildConfigurations = (
				5758A67E248E33430021D43B /* Debug */,
				5758A67F248E33430021D43B /* Release */,
			);
			defaultConfigurationIsVisible = 0;
			defaultConfigurationName = Release;
		};
		5758A680248E33430021D43B /* Build configuration list for PBXNativeTarget "CustomTransition" */ = {
			isa = XCConfigurationList;
			buildConfigurations = (
				5758A681248E33430021D43B /* Debug */,
				5758A682248E33430021D43B /* Release */,
			);
			defaultConfigurationIsVisible = 0;
			defaultConfigurationName = Release;
		};
		5758A683248E33430021D43B /* Build configuration list for PBXNativeTarget "CustomTransitionTests" */ = {
			isa = XCConfigurationList;
			buildConfigurations = (
				5758A684248E33430021D43B /* Debug */,
				5758A685248E33430021D43B /* Release */,
			);
			defaultConfigurationIsVisible = 0;
			defaultConfigurationName = Release;
		};
/* End XCConfigurationList section */
	};
	rootObject = 5758A659248E33420021D43B /* Project object */;
}
