// !$*UTF8*$!
{
	archiveVersion = 1;
	classes = {
	};
	objectVersion = 50;
	objects = {

/* Begin PBXBuildFile section */
		57198B95248E100000D956B6 /* AppDelegate.swift in Sources */ = {isa = PBXBuildFile; fileRef = 57198B94248E100000D956B6 /* AppDelegate.swift */; };
		57198B97248E100000D956B6 /* SceneDelegate.swift in Sources */ = {isa = PBXBuildFile; fileRef = 57198B96248E100000D956B6 /* SceneDelegate.swift */; };
		57198B99248E100000D956B6 /* ViewController.swift in Sources */ = {isa = PBXBuildFile; fileRef = 57198B98248E100000D956B6 /* ViewController.swift */; };
		57198B9C248E100000D956B6 /* Main.storyboard in Resources */ = {isa = PBXBuildFile; fileRef = 57198B9A248E100000D956B6 /* Main.storyboard */; };
		57198B9E248E100300D956B6 /* Assets.xcassets in Resources */ = {isa = PBXBuildFile; fileRef = 57198B9D248E100300D956B6 /* Assets.xcassets */; };
		57198BA1248E100300D956B6 /* LaunchScreen.storyboard in Resources */ = {isa = PBXBuildFile; fileRef = 57198B9F248E100300D956B6 /* LaunchScreen.storyboard */; };
		57198BAC248E100300D956B6 /* EmojiSlotMachineTests.swift in Sources */ = {isa = PBXBuildFile; fileRef = 57198BAB248E100300D956B6 /* EmojiSlotMachineTests.swift */; };
/* End PBXBuildFile section */

/* Begin PBXContainerItemProxy section */
		57198BA8248E100300D956B6 /* PBXContainerItemProxy */ = {
			isa = PBXContainerItemProxy;
			containerPortal = 57198B89248E100000D956B6 /* Project object */;
			proxyType = 1;
			remoteGlobalIDString = 57198B90248E100000D956B6;
			remoteInfo = EmojiSlotMachine;
		};
/* End PBXContainerItemProxy section */

/* Begin PBXFileReference section */
		57198B91248E100000D956B6 /* EmojiSlotMachine.app */ = {isa = PBXFileReference; explicitFileType = wrapper.application; includeInIndex = 0; path = EmojiSlotMachine.app; sourceTree = BUILT_PRODUCTS_DIR; };
		57198B94248E100000D956B6 /* AppDelegate.swift */ = {isa = PBXFileReference; lastKnownFileType = sourcecode.swift; path = AppDelegate.swift; sourceTree = "<group>"; };
		57198B96248E100000D956B6 /* SceneDelegate.swift */ = {isa = PBXFileReference; lastKnownFileType = sourcecode.swift; path = SceneDelegate.swift; sourceTree = "<group>"; };
		57198B98248E100000D956B6 /* ViewController.swift */ = {isa = PBXFileReference; lastKnownFileType = sourcecode.swift; path = ViewController.swift; sourceTree = "<group>"; };
		57198B9B248E100000D956B6 /* Base */ = {isa = PBXFileReference; lastKnownFileType = file.storyboard; name = Base; path = Base.lproj/Main.storyboard; sourceTree = "<group>"; };
		57198B9D248E100300D956B6 /* Assets.xcassets */ = {isa = PBXFileReference; lastKnownFileType = folder.assetcatalog; path = Assets.xcassets; sourceTree = "<group>"; };
		57198BA0248E100300D956B6 /* Base */ = {isa = PBXFileReference; lastKnownFileType = file.storyboard; name = Base; path = Base.lproj/LaunchScreen.storyboard; sourceTree = "<group>"; };
		57198BA2248E100300D956B6 /* Info.plist */ = {isa = PBXFileReference; lastKnownFileType = text.plist.xml; path = Info.plist; sourceTree = "<group>"; };
		57198BA7248E100300D956B6 /* EmojiSlotMachineTests.xctest */ = {isa = PBXFileReference; explicitFileType = wrapper.cfbundle; includeInIndex = 0; path = EmojiSlotMachineTests.xctest; sourceTree = BUILT_PRODUCTS_DIR; };
		57198BAB248E100300D956B6 /* EmojiSlotMachineTests.swift */ = {isa = PBXFileReference; lastKnownFileType = sourcecode.swift; path = EmojiSlotMachineTests.swift; sourceTree = "<group>"; };
		57198BAD248E100300D956B6 /* Info.plist */ = {isa = PBXFileReference; lastKnownFileType = text.plist.xml; path = Info.plist; sourceTree = "<group>"; };
/* End PBXFileReference section */

/* Begin PBXFrameworksBuildPhase section */
		57198B8E248E100000D956B6 /* Frameworks */ = {
			isa = PBXFrameworksBuildPhase;
			buildActionMask = 2147483647;
			files = (
			);
			runOnlyForDeploymentPostprocessing = 0;
		};
		57198BA4248E100300D956B6 /* Frameworks */ = {
			isa = PBXFrameworksBuildPhase;
			buildActionMask = 2147483647;
			files = (
			);
			runOnlyForDeploymentPostprocessing = 0;
		};
/* End PBXFrameworksBuildPhase section */

/* Begin PBXGroup section */
		57198B88248E100000D956B6 = {
			isa = PBXGroup;
			children = (
				57198B93248E100000D956B6 /* EmojiSlotMachine */,
				57198BAA248E100300D956B6 /* EmojiSlotMachineTests */,
				57198B92248E100000D956B6 /* Products */,
			);
			sourceTree = "<group>";
		};
		57198B92248E100000D956B6 /* Products */ = {
			isa = PBXGroup;
			children = (
				57198B91248E100000D956B6 /* EmojiSlotMachine.app */,
				57198BA7248E100300D956B6 /* EmojiSlotMachineTests.xctest */,
			);
			name = Products;
			sourceTree = "<group>";
		};
		57198B93248E100000D956B6 /* EmojiSlotMachine */ = {
			isa = PBXGroup;
			children = (
				57198B94248E100000D956B6 /* AppDelegate.swift */,
				57198B96248E100000D956B6 /* SceneDelegate.swift */,
				57198B98248E100000D956B6 /* ViewController.swift */,
				57198B9A248E100000D956B6 /* Main.storyboard */,
				57198B9D248E100300D956B6 /* Assets.xcassets */,
				57198B9F248E100300D956B6 /* LaunchScreen.storyboard */,
				57198BA2248E100300D956B6 /* Info.plist */,
			);
			path = EmojiSlotMachine;
			sourceTree = "<group>";
		};
		57198BAA248E100300D956B6 /* EmojiSlotMachineTests */ = {
			isa = PBXGroup;
			children = (
				57198BAB248E100300D956B6 /* EmojiSlotMachineTests.swift */,
				57198BAD248E100300D956B6 /* Info.plist */,
			);
			path = EmojiSlotMachineTests;
			sourceTree = "<group>";
		};
/* End PBXGroup section */

/* Begin PBXNativeTarget section */
		57198B90248E100000D956B6 /* EmojiSlotMachine */ = {
			isa = PBXNativeTarget;
			buildConfigurationList = 57198BB0248E100300D956B6 /* Build configuration list for PBXNativeTarget "EmojiSlotMachine" */;
			buildPhases = (
				57198B8D248E100000D956B6 /* Sources */,
				57198B8E248E100000D956B6 /* Frameworks */,
				57198B8F248E100000D956B6 /* Resources */,
			);
			buildRules = (
			);
			dependencies = (
			);
			name = EmojiSlotMachine;
			productName = EmojiSlotMachine;
			productReference = 57198B91248E100000D956B6 /* EmojiSlotMachine.app */;
			productType = "com.apple.product-type.application";
		};
		57198BA6248E100300D956B6 /* EmojiSlotMachineTests */ = {
			isa = PBXNativeTarget;
			buildConfigurationList = 57198BB3248E100300D956B6 /* Build configuration list for PBXNativeTarget "EmojiSlotMachineTests" */;
			buildPhases = (
				57198BA3248E100300D956B6 /* Sources */,
				57198BA4248E100300D956B6 /* Frameworks */,
				57198BA5248E100300D956B6 /* Resources */,
			);
			buildRules = (
			);
			dependencies = (
				57198BA9248E100300D956B6 /* PBXTargetDependency */,
			);
			name = EmojiSlotMachineTests;
			productName = EmojiSlotMachineTests;
			productReference = 57198BA7248E100300D956B6 /* EmojiSlotMachineTests.xctest */;
			productType = "com.apple.product-type.bundle.unit-test";
		};
/* End PBXNativeTarget section */

/* Begin PBXProject section */
		57198B89248E100000D956B6 /* Project object */ = {
			isa = PBXProject;
			attributes = {
				LastSwiftUpdateCheck = 1120;
				LastUpgradeCheck = 1120;
				ORGANIZATIONNAME = MinJing_Lin;
				TargetAttributes = {
					57198B90248E100000D956B6 = {
						CreatedOnToolsVersion = 11.2.1;
					};
					57198BA6248E100300D956B6 = {
						CreatedOnToolsVersion = 11.2.1;
						TestTargetID = 57198B90248E100000D956B6;
					};
				};
			};
			buildConfigurationList = 57198B8C248E100000D956B6 /* Build configuration list for PBXProject "EmojiSlotMachine" */;
			compatibilityVersion = "Xcode 9.3";
			developmentRegion = en;
			hasScannedForEncodings = 0;
			knownRegions = (
				en,
				Base,
			);
			mainGroup = 57198B88248E100000D956B6;
			productRefGroup = 57198B92248E100000D956B6 /* Products */;
			projectDirPath = "";
			projectRoot = "";
			targets = (
				57198B90248E100000D956B6 /* EmojiSlotMachine */,
				57198BA6248E100300D956B6 /* EmojiSlotMachineTests */,
			);
		};
/* End PBXProject section */

/* Begin PBXResourcesBuildPhase section */
		57198B8F248E100000D956B6 /* Resources */ = {
			isa = PBXResourcesBuildPhase;
			buildActionMask = 2147483647;
			files = (
				57198BA1248E100300D956B6 /* LaunchScreen.storyboard in Resources */,
				57198B9E248E100300D956B6 /* Assets.xcassets in Resources */,
				57198B9C248E100000D956B6 /* Main.storyboard in Resources */,
			);
			runOnlyForDeploymentPostprocessing = 0;
		};
		57198BA5248E100300D956B6 /* Resources */ = {
			isa = PBXResourcesBuildPhase;
			buildActionMask = 2147483647;
			files = (
			);
			runOnlyForDeploymentPostprocessing = 0;
		};
/* End PBXResourcesBuildPhase section */

/* Begin PBXSourcesBuildPhase section */
		57198B8D248E100000D956B6 /* Sources */ = {
			isa = PBXSourcesBuildPhase;
			buildActionMask = 2147483647;
			files = (
				57198B99248E100000D956B6 /* ViewController.swift in Sources */,
				57198B95248E100000D956B6 /* AppDelegate.swift in Sources */,
				57198B97248E100000D956B6 /* SceneDelegate.swift in Sources */,
			);
			runOnlyForDeploymentPostprocessing = 0;
		};
		57198BA3248E100300D956B6 /* Sources */ = {
			isa = PBXSourcesBuildPhase;
			buildActionMask = 2147483647;
			files = (
				57198BAC248E100300D956B6 /* EmojiSlotMachineTests.swift in Sources */,
			);
			runOnlyForDeploymentPostprocessing = 0;
		};
/* End PBXSourcesBuildPhase section */

/* Begin PBXTargetDependency section */
		57198BA9248E100300D956B6 /* PBXTargetDependency */ = {
			isa = PBXTargetDependency;
			target = 57198B90248E100000D956B6 /* EmojiSlotMachine */;
			targetProxy = 57198BA8248E100300D956B6 /* PBXContainerItemProxy */;
		};
/* End PBXTargetDependency section */

/* Begin PBXVariantGroup section */
		57198B9A248E100000D956B6 /* Main.storyboard */ = {
			isa = PBXVariantGroup;
			children = (
				57198B9B248E100000D956B6 /* Base */,
			);
			name = Main.storyboard;
			sourceTree = "<group>";
		};
		57198B9F248E100300D956B6 /* LaunchScreen.storyboard */ = {
			isa = PBXVariantGroup;
			children = (
				57198BA0248E100300D956B6 /* Base */,
			);
			name = LaunchScreen.storyboard;
			sourceTree = "<group>";
		};
/* End PBXVariantGroup section */

/* Begin XCBuildConfiguration section */
		57198BAE248E100300D956B6 /* Debug */ = {
			isa = XCBuildConfiguration;
			buildSettings = {
				ALWAYS_SEARCH_USER_PATHS = NO;
				CLANG_ANALYZER_NONNULL = YES;
				CLANG_ANALYZER_NUMBER_OBJECT_CONVERSION = YES_AGGRESSIVE;
				CLANG_CXX_LANGUAGE_STANDARD = "gnu++14";
				CLANG_CXX_LIBRARY = "libc++";
				CLANG_ENABLE_MODULES = YES;
				CLANG_ENABLE_OBJC_ARC = YES;
				CLANG_ENABLE_OBJC_WEAK = YES;
				CLANG_WARN_BLOCK_CAPTURE_AUTORELEASING = YES;
				CLANG_WARN_BOOL_CONVERSION = YES;
				CLANG_WARN_COMMA = YES;
				CLANG_WARN_CONSTANT_CONVERSION = YES;
				CLANG_WARN_DEPRECATED_OBJC_IMPLEMENTATIONS = YES;
				CLANG_WARN_DIRECT_OBJC_ISA_USAGE = YES_ERROR;
				CLANG_WARN_DOCUMENTATION_COMMENTS = YES;
				CLANG_WARN_EMPTY_BODY = YES;
				CLANG_WARN_ENUM_CONVERSION = YES;
				CLANG_WARN_INFINITE_RECURSION = YES;
				CLANG_WARN_INT_CONVERSION = YES;
				CLANG_WARN_NON_LITERAL_NULL_CONVERSION = YES;
				CLANG_WARN_OBJC_IMPLICIT_RETAIN_SELF = YES;
				CLANG_WARN_OBJC_LITERAL_CONVERSION = YES;
				CLANG_WARN_OBJC_ROOT_CLASS = YES_ERROR;
				CLANG_WARN_RANGE_LOOP_ANALYSIS = YES;
				CLANG_WARN_STRICT_PROTOTYPES = YES;
				CLANG_WARN_SUSPICIOUS_MOVE = YES;
				CLANG_WARN_UNGUARDED_AVAILABILITY = YES_AGGRESSIVE;
				CLANG_WARN_UNREACHABLE_CODE = YES;
				CLANG_WARN__DUPLICATE_METHOD_MATCH = YES;
				COPY_PHASE_STRIP = NO;
				DEBUG_INFORMATION_FORMAT = dwarf;
				ENABLE_STRICT_OBJC_MSGSEND = YES;
				ENABLE_TESTABILITY = YES;
				GCC_C_LANGUAGE_STANDARD = gnu11;
				GCC_DYNAMIC_NO_PIC = NO;
				GCC_NO_COMMON_BLOCKS = YES;
				GCC_OPTIMIZATION_LEVEL = 0;
				GCC_PREPROCESSOR_DEFINITIONS = (
					"DEBUG=1",
					"$(inherited)",
				);
				GCC_WARN_64_TO_32_BIT_CONVERSION = YES;
				GCC_WARN_ABOUT_RETURN_TYPE = YES_ERROR;
				GCC_WARN_UNDECLARED_SELECTOR = YES;
				GCC_WARN_UNINITIALIZED_AUTOS = YES_AGGRESSIVE;
				GCC_WARN_UNUSED_FUNCTION = YES;
				GCC_WARN_UNUSED_VARIABLE = YES;
				IPHONEOS_DEPLOYMENT_TARGET = 13.2;
				MTL_ENABLE_DEBUG_INFO = INCLUDE_SOURCE;
				MTL_FAST_MATH = YES;
				ONLY_ACTIVE_ARCH = YES;
				SDKROOT = iphoneos;
				SWIFT_ACTIVE_COMPILATION_CONDITIONS = DEBUG;
				SWIFT_OPTIMIZATION_LEVEL = "-Onone";
			};
			name = Debug;
		};
		57198BAF248E100300D956B6 /* Release */ = {
			isa = XCBuildConfiguration;
			buildSettings = {
				ALWAYS_SEARCH_USER_PATHS = NO;
				CLANG_ANALYZER_NONNULL = YES;
				CLANG_ANALYZER_NUMBER_OBJECT_CONVERSION = YES_AGGRESSIVE;
				CLANG_CXX_LANGUAGE_STANDARD = "gnu++14";
				CLANG_CXX_LIBRARY = "libc++";
				CLANG_ENABLE_MODULES = YES;
				CLANG_ENABLE_OBJC_ARC = YES;
				CLANG_ENABLE_OBJC_WEAK = YES;
				CLANG_WARN_BLOCK_CAPTURE_AUTORELEASING = YES;
				CLANG_WARN_BOOL_CONVERSION = YES;
				CLANG_WARN_COMMA = YES;
				CLANG_WARN_CONSTANT_CONVERSION = YES;
				CLANG_WARN_DEPRECATED_OBJC_IMPLEMENTATIONS = YES;
				CLANG_WARN_DIRECT_OBJC_ISA_USAGE = YES_ERROR;
				CLANG_WARN_DOCUMENTATION_COMMENTS = YES;
				CLANG_WARN_EMPTY_BODY = YES;
				CLANG_WARN_ENUM_CONVERSION = YES;
				CLANG_WARN_INFINITE_RECURSION = YES;
				CLANG_WARN_INT_CONVERSION = YES;
				CLANG_WARN_NON_LITERAL_NULL_CONVERSION = YES;
				CLANG_WARN_OBJC_IMPLICIT_RETAIN_SELF = YES;
				CLANG_WARN_OBJC_LITERAL_CONVERSION = YES;
				CLANG_WARN_OBJC_ROOT_CLASS = YES_ERROR;
				CLANG_WARN_RANGE_LOOP_ANALYSIS = YES;
				CLANG_WARN_STRICT_PROTOTYPES = YES;
				CLANG_WARN_SUSPICIOUS_MOVE = YES;
				CLANG_WARN_UNGUARDED_AVAILABILITY = YES_AGGRESSIVE;
				CLANG_WARN_UNREACHABLE_CODE = YES;
				CLANG_WARN__DUPLICATE_METHOD_MATCH = YES;
				COPY_PHASE_STRIP = NO;
				DEBUG_INFORMATION_FORMAT = "dwarf-with-dsym";
				ENABLE_NS_ASSERTIONS = NO;
				ENABLE_STRICT_OBJC_MSGSEND = YES;
				GCC_C_LANGUAGE_STANDARD = gnu11;
				GCC_NO_COMMON_BLOCKS = YES;
				GCC_WARN_64_TO_32_BIT_CONVERSION = YES;
				GCC_WARN_ABOUT_RETURN_TYPE = YES_ERROR;
				GCC_WARN_UNDECLARED_SELECTOR = YES;
				GCC_WARN_UNINITIALIZED_AUTOS = YES_AGGRESSIVE;
				GCC_WARN_UNUSED_FUNCTION = YES;
				GCC_WARN_UNUSED_VARIABLE = YES;
				IPHONEOS_DEPLOYMENT_TARGET = 13.2;
				MTL_ENABLE_DEBUG_INFO = NO;
				MTL_FAST_MATH = YES;
				SDKROOT = iphoneos;
				SWIFT_COMPILATION_MODE = wholemodule;
				SWIFT_OPTIMIZATION_LEVEL = "-O";
				VALIDATE_PRODUCT = YES;
			};
			name = Release;
		};
		57198BB1248E100300D956B6 /* Debug */ = {
			isa = XCBuildConfiguration;
			buildSettings = {
				ASSETCATALOG_COMPILER_APPICON_NAME = AppIcon;
				CODE_SIGN_STYLE = Automatic;
				INFOPLIST_FILE = EmojiSlotMachine/Info.plist;
				LD_RUNPATH_SEARCH_PATHS = (
					"$(inherited)",
					"@executable_path/Frameworks",
				);
				PRODUCT_BUNDLE_IDENTIFIER = "MinJing-Lin.EmojiSlotMachine";
				PRODUCT_NAME = "$(TARGET_NAME)";
				SWIFT_VERSION = 5.0;
				TARGETED_DEVICE_FAMILY = "1,2";
			};
			name = Debug;
		};
		57198BB2248E100300D956B6 /* Release */ = {
			isa = XCBuildConfiguration;
			buildSettings = {
				ASSETCATALOG_COMPILER_APPICON_NAME = AppIcon;
				CODE_SIGN_STYLE = Automatic;
				INFOPLIST_FILE = EmojiSlotMachine/Info.plist;
				LD_RUNPATH_SEARCH_PATHS = (
					"$(inherited)",
					"@executable_path/Frameworks",
				);
				PRODUCT_BUNDLE_IDENTIFIER = "MinJing-Lin.EmojiSlotMachine";
				PRODUCT_NAME = "$(TARGET_NAME)";
				SWIFT_VERSION = 5.0;
				TARGETED_DEVICE_FAMILY = "1,2";
			};
			name = Release;
		};
		57198BB4248E100300D956B6 /* Debug */ = {
			isa = XCBuildConfiguration;
			buildSettings = {
				ALWAYS_EMBED_SWIFT_STANDARD_LIBRARIES = YES;
				BUNDLE_LOADER = "$(TEST_HOST)";
				CODE_SIGN_STYLE = Automatic;
				INFOPLIST_FILE = EmojiSlotMachineTests/Info.plist;
				IPHONEOS_DEPLOYMENT_TARGET = 13.2;
				LD_RUNPATH_SEARCH_PATHS = (
					"$(inherited)",
					"@executable_path/Frameworks",
					"@loader_path/Frameworks",
				);
				PRODUCT_BUNDLE_IDENTIFIER = "MinJing-Lin.EmojiSlotMachineTests";
				PRODUCT_NAME = "$(TARGET_NAME)";
				SWIFT_VERSION = 5.0;
				TARGETED_DEVICE_FAMILY = "1,2";
				TEST_HOST = "$(BUILT_PRODUCTS_DIR)/EmojiSlotMachine.app/EmojiSlotMachine";
			};
			name = Debug;
		};
		57198BB5248E100300D956B6 /* Release */ = {
			isa = XCBuildConfiguration;
			buildSettings = {
				ALWAYS_EMBED_SWIFT_STANDARD_LIBRARIES = YES;
				BUNDLE_LOADER = "$(TEST_HOST)";
				CODE_SIGN_STYLE = Automatic;
				INFOPLIST_FILE = EmojiSlotMachineTests/Info.plist;
				IPHONEOS_DEPLOYMENT_TARGET = 13.2;
				LD_RUNPATH_SEARCH_PATHS = (
					"$(inherited)",
					"@executable_path/Frameworks",
					"@loader_path/Frameworks",
				);
				PRODUCT_BUNDLE_IDENTIFIER = "MinJing-Lin.EmojiSlotMachineTests";
				PRODUCT_NAME = "$(TARGET_NAME)";
				SWIFT_VERSION = 5.0;
				TARGETED_DEVICE_FAMILY = "1,2";
				TEST_HOST = "$(BUILT_PRODUCTS_DIR)/EmojiSlotMachine.app/EmojiSlotMachine";
			};
			name = Release;
		};
/* End XCBuildConfiguration section */

/* Begin XCConfigurationList section */
		57198B8C248E100000D956B6 /* Build configuration list for PBXProject "EmojiSlotMachine" */ = {
			isa = XCConfigurationList;
			buildConfigurations = (
				57198BAE248E100300D956B6 /* Debug */,
				57198BAF248E100300D956B6 /* Release */,
			);
			defaultConfigurationIsVisible = 0;
			defaultConfigurationName = Release;
		};
		57198BB0248E100300D956B6 /* Build configuration list for PBXNativeTarget "EmojiSlotMachine" */ = {
			isa = XCConfigurationList;
			buildConfigurations = (
				57198BB1248E100300D956B6 /* Debug */,
				57198BB2248E100300D956B6 /* Release */,
			);
			defaultConfigurationIsVisible = 0;
			defaultConfigurationName = Release;
		};
		57198BB3248E100300D956B6 /* Build configuration list for PBXNativeTarget "EmojiSlotMachineTests" */ = {
			isa = XCConfigurationList;
			buildConfigurations = (
				57198BB4248E100300D956B6 /* Debug */,
				57198BB5248E100300D956B6 /* Release */,
			);
			defaultConfigurationIsVisible = 0;
			defaultConfigurationName = Release;
		};
/* End XCConfigurationList section */
	};
	rootObject = 57198B89248E100000D956B6 /* Project object */;
}
