// !$*UTF8*$!
{
	archiveVersion = 1;
	classes = {
	};
	objectVersion = 51;
	objects = {

/* Begin PBXBuildFile section */
		0BD53DC9F797F407B9FFDF7E /* Pods_SwiftDemos.framework in Frameworks */ = {isa = PBXBuildFile; fileRef = 5B21FBEC0BA395A73D546D11 /* Pods_SwiftDemos.framework */; };
		8E228C1A269C19C30012BF18 /* MJAPI.swift in Sources */ = {isa = PBXBuildFile; fileRef = 8E228C19269C19C30012BF18 /* MJAPI.swift */; };
		8E228C21269C36D90012BF18 /* BookDetailViewController.swift in Sources */ = {isa = PBXBuildFile; fileRef = 8E228C20269C36D90012BF18 /* BookDetailViewController.swift */; };
		8E228C26269C37BF0012BF18 /* DetailStaticModel.swift in Sources */ = {isa = PBXBuildFile; fileRef = 8E228C25269C37BF0012BF18 /* DetailStaticModel.swift */; };
		8E73AB3027CDFE50002649E1 /* WidgetKit.framework in Frameworks */ = {isa = PBXBuildFile; fileRef = 8E73AB2F27CDFE50002649E1 /* WidgetKit.framework */; };
		8E73AB3227CDFE50002649E1 /* SwiftUI.framework in Frameworks */ = {isa = PBXBuildFile; fileRef = 8E73AB3127CDFE50002649E1 /* SwiftUI.framework */; };
		8E73AB3527CDFE50002649E1 /* WidgetTest.swift in Sources */ = {isa = PBXBuildFile; fileRef = 8E73AB3427CDFE50002649E1 /* WidgetTest.swift */; };
		8E73AB3827CDFE53002649E1 /* Assets.xcassets in Resources */ = {isa = PBXBuildFile; fileRef = 8E73AB3727CDFE53002649E1 /* Assets.xcassets */; };
		8E73AB3A27CDFE53002649E1 /* WidgetTest.intentdefinition in Sources */ = {isa = PBXBuildFile; fileRef = 8E73AB3627CDFE50002649E1 /* WidgetTest.intentdefinition */; };
		8E73AB3B27CDFE53002649E1 /* WidgetTest.intentdefinition in Sources */ = {isa = PBXBuildFile; fileRef = 8E73AB3627CDFE50002649E1 /* WidgetTest.intentdefinition */; };
		8E73AB3E27CDFE53002649E1 /* WidgetTestExtension.appex in Embed App Extensions */ = {isa = PBXBuildFile; fileRef = 8E73AB2E27CDFE4F002649E1 /* WidgetTestExtension.appex */; settings = {ATTRIBUTES = (RemoveHeadersOnCopy, ); }; };
		8E73AB4827D1AD65002649E1 /* RxSwiftViewController3.swift in Sources */ = {isa = PBXBuildFile; fileRef = 8E73AB4727D1AD65002649E1 /* RxSwiftViewController3.swift */; };
		8E742DEE2755FB060062C219 /* CustomButton.swift in Sources */ = {isa = PBXBuildFile; fileRef = 8E742DED2755FB060062C219 /* CustomButton.swift */; };
		8E75BDEF26CF94C200F91E32 /* ReverseValueViewController.swift in Sources */ = {isa = PBXBuildFile; fileRef = 8E75BDEE26CF94C200F91E32 /* ReverseValueViewController.swift */; };
		8E75BDF426CF964B00F91E32 /* ReverseValueTwoViewController.swift in Sources */ = {isa = PBXBuildFile; fileRef = 8E75BDF326CF964B00F91E32 /* ReverseValueTwoViewController.swift */; };
		8E848F852694380300520E28 /* TabbarViewController.swift in Sources */ = {isa = PBXBuildFile; fileRef = 8E848F842694380300520E28 /* TabbarViewController.swift */; };
		8E848F9926943C6900520E28 /* MyViewController.swift in Sources */ = {isa = PBXBuildFile; fileRef = 8E848F9826943C6900520E28 /* MyViewController.swift */; };
		8E8958922774439C0038CE42 /* ClosureLearnViewController.swift in Sources */ = {isa = PBXBuildFile; fileRef = 8E8958912774439C0038CE42 /* ClosureLearnViewController.swift */; };
		8E92A732278546690020B65B /* RxSwiftViewController2.swift in Sources */ = {isa = PBXBuildFile; fileRef = 8E92A731278546690020B65B /* RxSwiftViewController2.swift */; };
		8E92A735278548580020B65B /* Protocols.swift in Sources */ = {isa = PBXBuildFile; fileRef = 8E92A734278548580020B65B /* Protocols.swift */; };
		8E92A737278575AF0020B65B /* GithubSignupViewModel.swift in Sources */ = {isa = PBXBuildFile; fileRef = 8E92A736278575AF0020B65B /* GithubSignupViewModel.swift */; };
		8E92A73C2785997A0020B65B /* ActivityIndicator.swift in Sources */ = {isa = PBXBuildFile; fileRef = 8E92A73B2785997A0020B65B /* ActivityIndicator.swift */; };
		8E92A73E27868F710020B65B /* DefaultImplementations.swift in Sources */ = {isa = PBXBuildFile; fileRef = 8E92A73D27868F710020B65B /* DefaultImplementations.swift */; };
		8E92A74027868FCC0020B65B /* Wireframe.swift in Sources */ = {isa = PBXBuildFile; fileRef = 8E92A73F27868FCC0020B65B /* Wireframe.swift */; };
		8E92A742278690280020B65B /* String+URL.swift in Sources */ = {isa = PBXBuildFile; fileRef = 8E92A741278690280020B65B /* String+URL.swift */; };
		8E92A744278697020020B65B /* BindingExtensions.swift in Sources */ = {isa = PBXBuildFile; fileRef = 8E92A743278697020020B65B /* BindingExtensions.swift */; };
		8E9590D3283244E10035BC12 /* DropDownMenuViewController.swift in Sources */ = {isa = PBXBuildFile; fileRef = 8E9590D2283244E10035BC12 /* DropDownMenuViewController.swift */; };
		8E9590D5283247660035BC12 /* DropMenuView.swift in Sources */ = {isa = PBXBuildFile; fileRef = 8E9590D4283247660035BC12 /* DropMenuView.swift */; };
		8E9590D728324ACB0035BC12 /* DropMenuViewProtocol.swift in Sources */ = {isa = PBXBuildFile; fileRef = 8E9590D628324ACB0035BC12 /* DropMenuViewProtocol.swift */; };
		8E9590D928333C330035BC12 /* CodableViewController.swift in Sources */ = {isa = PBXBuildFile; fileRef = 8E9590D828333C330035BC12 /* CodableViewController.swift */; };
		8E9590DB283367470035BC12 /* ProductModel.swift in Sources */ = {isa = PBXBuildFile; fileRef = 8E9590DA283367470035BC12 /* ProductModel.swift */; };
		8EAB132A268EAA9E00DEB5B1 /* AppDelegate.swift in Sources */ = {isa = PBXBuildFile; fileRef = 8EAB1329268EAA9E00DEB5B1 /* AppDelegate.swift */; };
		8EAB132E268EAA9E00DEB5B1 /* HomeViewController.swift in Sources */ = {isa = PBXBuildFile; fileRef = 8EAB132D268EAA9E00DEB5B1 /* HomeViewController.swift */; };
		8EAB1331268EAA9E00DEB5B1 /* Main.storyboard in Resources */ = {isa = PBXBuildFile; fileRef = 8EAB132F268EAA9E00DEB5B1 /* Main.storyboard */; };
		8EAB1333268EAAA000DEB5B1 /* Assets.xcassets in Resources */ = {isa = PBXBuildFile; fileRef = 8EAB1332268EAAA000DEB5B1 /* Assets.xcassets */; };
		8EAB1336268EAAA000DEB5B1 /* LaunchScreen.storyboard in Resources */ = {isa = PBXBuildFile; fileRef = 8EAB1334268EAAA000DEB5B1 /* LaunchScreen.storyboard */; };
		8EAB1341268EAAA000DEB5B1 /* SwiftDemosTests.swift in Sources */ = {isa = PBXBuildFile; fileRef = 8EAB1340268EAAA000DEB5B1 /* SwiftDemosTests.swift */; };
		8EAB134C268EAAA000DEB5B1 /* SwiftDemosUITests.swift in Sources */ = {isa = PBXBuildFile; fileRef = 8EAB134B268EAAA000DEB5B1 /* SwiftDemosUITests.swift */; };
		8EAB1360268EABDB00DEB5B1 /* MJMacro.swift in Sources */ = {isa = PBXBuildFile; fileRef = 8EAB135F268EABDB00DEB5B1 /* MJMacro.swift */; };
		8EAB136B268EB08F00DEB5B1 /* FontViewController.swift in Sources */ = {isa = PBXBuildFile; fileRef = 8EAB136A268EB08F00DEB5B1 /* FontViewController.swift */; };
		8EAB1373268EB0EC00DEB5B1 /* MJBaseViewController.swift in Sources */ = {isa = PBXBuildFile; fileRef = 8EAB1372268EB0EC00DEB5B1 /* MJBaseViewController.swift */; };
		8EAB1385268EB69D00DEB5B1 /* WeatherViewController.swift in Sources */ = {isa = PBXBuildFile; fileRef = 8EAB1384268EB69D00DEB5B1 /* WeatherViewController.swift */; };
		8EAB138A268EB72E00DEB5B1 /* WeatherModel.swift in Sources */ = {isa = PBXBuildFile; fileRef = 8EAB1389268EB72E00DEB5B1 /* WeatherModel.swift */; };
		8EAB13C4268EDE4000DEB5B1 /* 99.png in Resources */ = {isa = PBXBuildFile; fileRef = 8EAB139C268EDE4000DEB5B1 /* 99.png */; };
		8EAB13C5268EDE4000DEB5B1 /* 8.png in Resources */ = {isa = PBXBuildFile; fileRef = 8EAB139D268EDE4000DEB5B1 /* 8.png */; };
		8EAB13C6268EDE4000DEB5B1 /* 9.png in Resources */ = {isa = PBXBuildFile; fileRef = 8EAB139E268EDE4000DEB5B1 /* 9.png */; };
		8EAB13C7268EDE4000DEB5B1 /* 14.png in Resources */ = {isa = PBXBuildFile; fileRef = 8EAB139F268EDE4000DEB5B1 /* 14.png */; };
		8EAB13C8268EDE4000DEB5B1 /* 28.png in Resources */ = {isa = PBXBuildFile; fileRef = 8EAB13A0268EDE4000DEB5B1 /* 28.png */; };
		8EAB13C9268EDE4000DEB5B1 /* 29.png in Resources */ = {isa = PBXBuildFile; fileRef = 8EAB13A1268EDE4000DEB5B1 /* 29.png */; };
		8EAB13CA268EDE4000DEB5B1 /* 15.png in Resources */ = {isa = PBXBuildFile; fileRef = 8EAB13A2268EDE4000DEB5B1 /* 15.png */; };
		8EAB13CB268EDE4000DEB5B1 /* 17.png in Resources */ = {isa = PBXBuildFile; fileRef = 8EAB13A3268EDE4000DEB5B1 /* 17.png */; };
		8EAB13CC268EDE4000DEB5B1 /* 16.png in Resources */ = {isa = PBXBuildFile; fileRef = 8EAB13A4268EDE4000DEB5B1 /* 16.png */; };
		8EAB13CD268EDE4000DEB5B1 /* 12.png in Resources */ = {isa = PBXBuildFile; fileRef = 8EAB13A5268EDE4000DEB5B1 /* 12.png */; };
		8EAB13CE268EDE4000DEB5B1 /* 13.png in Resources */ = {isa = PBXBuildFile; fileRef = 8EAB13A6268EDE4000DEB5B1 /* 13.png */; };
		8EAB13CF268EDE4000DEB5B1 /* 11.png in Resources */ = {isa = PBXBuildFile; fileRef = 8EAB13A7268EDE4000DEB5B1 /* 11.png */; };
		8EAB13D0268EDE4000DEB5B1 /* 10.png in Resources */ = {isa = PBXBuildFile; fileRef = 8EAB13A8268EDE4000DEB5B1 /* 10.png */; };
		8EAB13D1268EDE4000DEB5B1 /* 38.png in Resources */ = {isa = PBXBuildFile; fileRef = 8EAB13A9268EDE4000DEB5B1 /* 38.png */; };
		8EAB13D2268EDE4000DEB5B1 /* 35.png in Resources */ = {isa = PBXBuildFile; fileRef = 8EAB13AA268EDE4000DEB5B1 /* 35.png */; };
		8EAB13D3268EDE4000DEB5B1 /* 21.png in Resources */ = {isa = PBXBuildFile; fileRef = 8EAB13AB268EDE4000DEB5B1 /* 21.png */; };
		8EAB13D4268EDE4000DEB5B1 /* 20.png in Resources */ = {isa = PBXBuildFile; fileRef = 8EAB13AC268EDE4000DEB5B1 /* 20.png */; };
		8EAB13D5268EDE4000DEB5B1 /* 34.png in Resources */ = {isa = PBXBuildFile; fileRef = 8EAB13AD268EDE4000DEB5B1 /* 34.png */; };
		8EAB13D6268EDE4000DEB5B1 /* 22.png in Resources */ = {isa = PBXBuildFile; fileRef = 8EAB13AE268EDE4000DEB5B1 /* 22.png */; };
		8EAB13D7268EDE4000DEB5B1 /* 36.png in Resources */ = {isa = PBXBuildFile; fileRef = 8EAB13AF268EDE4000DEB5B1 /* 36.png */; };
		8EAB13D8268EDE4000DEB5B1 /* 37.png in Resources */ = {isa = PBXBuildFile; fileRef = 8EAB13B0268EDE4000DEB5B1 /* 37.png */; };
		8EAB13D9268EDE4000DEB5B1 /* 23.png in Resources */ = {isa = PBXBuildFile; fileRef = 8EAB13B1268EDE4000DEB5B1 /* 23.png */; };
		8EAB13DA268EDE4000DEB5B1 /* 27.png in Resources */ = {isa = PBXBuildFile; fileRef = 8EAB13B2268EDE4000DEB5B1 /* 27.png */; };
		8EAB13DB268EDE4000DEB5B1 /* 33.png in Resources */ = {isa = PBXBuildFile; fileRef = 8EAB13B3268EDE4000DEB5B1 /* 33.png */; };
		8EAB13DC268EDE4000DEB5B1 /* 32.png in Resources */ = {isa = PBXBuildFile; fileRef = 8EAB13B4268EDE4000DEB5B1 /* 32.png */; };
		8EAB13DD268EDE4000DEB5B1 /* 26.png in Resources */ = {isa = PBXBuildFile; fileRef = 8EAB13B5268EDE4000DEB5B1 /* 26.png */; };
		8EAB13DE268EDE4000DEB5B1 /* 18.png in Resources */ = {isa = PBXBuildFile; fileRef = 8EAB13B6268EDE4000DEB5B1 /* 18.png */; };
		8EAB13DF268EDE4000DEB5B1 /* 30.png in Resources */ = {isa = PBXBuildFile; fileRef = 8EAB13B7268EDE4000DEB5B1 /* 30.png */; };
		8EAB13E0268EDE4000DEB5B1 /* 24.png in Resources */ = {isa = PBXBuildFile; fileRef = 8EAB13B8268EDE4000DEB5B1 /* 24.png */; };
		8EAB13E1268EDE4000DEB5B1 /* 25.png in Resources */ = {isa = PBXBuildFile; fileRef = 8EAB13B9268EDE4000DEB5B1 /* 25.png */; };
		8EAB13E2268EDE4000DEB5B1 /* 31.png in Resources */ = {isa = PBXBuildFile; fileRef = 8EAB13BA268EDE4000DEB5B1 /* 31.png */; };
		8EAB13E3268EDE4100DEB5B1 /* 19.png in Resources */ = {isa = PBXBuildFile; fileRef = 8EAB13BB268EDE4000DEB5B1 /* 19.png */; };
		8EAB13E4268EDE4100DEB5B1 /* 4.png in Resources */ = {isa = PBXBuildFile; fileRef = 8EAB13BC268EDE4000DEB5B1 /* 4.png */; };
		8EAB13E5268EDE4100DEB5B1 /* 5.png in Resources */ = {isa = PBXBuildFile; fileRef = 8EAB13BD268EDE4000DEB5B1 /* 5.png */; };
		8EAB13E6268EDE4100DEB5B1 /* 7.png in Resources */ = {isa = PBXBuildFile; fileRef = 8EAB13BE268EDE4000DEB5B1 /* 7.png */; };
		8EAB13E7268EDE4100DEB5B1 /* 6.png in Resources */ = {isa = PBXBuildFile; fileRef = 8EAB13BF268EDE4000DEB5B1 /* 6.png */; };
		8EAB13E8268EDE4100DEB5B1 /* 2.png in Resources */ = {isa = PBXBuildFile; fileRef = 8EAB13C0268EDE4000DEB5B1 /* 2.png */; };
		8EAB13E9268EDE4100DEB5B1 /* 3.png in Resources */ = {isa = PBXBuildFile; fileRef = 8EAB13C1268EDE4000DEB5B1 /* 3.png */; };
		8EAB13EA268EDE4100DEB5B1 /* 1.png in Resources */ = {isa = PBXBuildFile; fileRef = 8EAB13C2268EDE4000DEB5B1 /* 1.png */; };
		8EAB13EB268EDE4100DEB5B1 /* 0.png in Resources */ = {isa = PBXBuildFile; fileRef = 8EAB13C3268EDE4000DEB5B1 /* 0.png */; };
		8EAB13F6268EE0C700DEB5B1 /* TextInputViewController.swift in Sources */ = {isa = PBXBuildFile; fileRef = 8EAB13F5268EE0C700DEB5B1 /* TextInputViewController.swift */; };
		8EAB1402268EEDD800DEB5B1 /* AudioViewController.swift in Sources */ = {isa = PBXBuildFile; fileRef = 8EAB1401268EEDD800DEB5B1 /* AudioViewController.swift */; };
		8EAB1407268EEF3600DEB5B1 /* live.mp3 in Resources */ = {isa = PBXBuildFile; fileRef = 8EAB1406268EEF3500DEB5B1 /* live.mp3 */; };
		8EB6603726A6A1EE00EE506D /* MJPageViewController.swift in Sources */ = {isa = PBXBuildFile; fileRef = 8EB6603626A6A1EE00EE506D /* MJPageViewController.swift */; };
		8EB6604926A6B43E00EE506D /* ContentDetailViewController.swift in Sources */ = {isa = PBXBuildFile; fileRef = 8EB6604826A6B43E00EE506D /* ContentDetailViewController.swift */; };
		8EB6604E26A6B46400EE506D /* ContentChapterViewController.swift in Sources */ = {isa = PBXBuildFile; fileRef = 8EB6604D26A6B46400EE506D /* ContentChapterViewController.swift */; };
		8EB6605326A6B47500EE506D /* ContentCommentViewController.swift in Sources */ = {isa = PBXBuildFile; fileRef = 8EB6605226A6B47500EE506D /* ContentCommentViewController.swift */; };
		8EB6605826A7BEFD00EE506D /* ChapterCollectionCell.swift in Sources */ = {isa = PBXBuildFile; fileRef = 8EB6605726A7BEFD00EE506D /* ChapterCollectionCell.swift */; };
		8EB6605D26A7CECB00EE506D /* ChapterCollectionReusableView.swift in Sources */ = {isa = PBXBuildFile; fileRef = 8EB6605C26A7CECB00EE506D /* ChapterCollectionReusableView.swift */; };
		8EB660D026A95FCB00EE506D /* CommentListTabCell.swift in Sources */ = {isa = PBXBuildFile; fileRef = 8EB660CF26A95FCB00EE506D /* CommentListTabCell.swift */; };
		8EB660D526AA679700EE506D /* DescriptionTabCell.swift in Sources */ = {isa = PBXBuildFile; fileRef = 8EB660D426AA679700EE506D /* DescriptionTabCell.swift */; };
		8EB660DA26AA92E000EE506D /* GuessLikeTabCell.swift in Sources */ = {isa = PBXBuildFile; fileRef = 8EB660D926AA92E000EE506D /* GuessLikeTabCell.swift */; };
		8EB660DF26AAA75A00EE506D /* GuessLikeCollectionCell.swift in Sources */ = {isa = PBXBuildFile; fileRef = 8EB660DE26AAA75A00EE506D /* GuessLikeCollectionCell.swift */; };
		8EC3171C2692B3B100DE462C /* StretchyViewController.swift in Sources */ = {isa = PBXBuildFile; fileRef = 8EC3171B2692B3B100DE462C /* StretchyViewController.swift */; };
		8EC317242692D22A00DE462C /* PickerViewController.swift in Sources */ = {isa = PBXBuildFile; fileRef = 8EC317232692D22A00DE462C /* PickerViewController.swift */; };
		8EC8DE06278450ED00707BB6 /* RxSimpleViewModel.swift in Sources */ = {isa = PBXBuildFile; fileRef = 8EC8DE05278450ED00707BB6 /* RxSimpleViewModel.swift */; };
		8ED6006426D4993D00B8140E /* SingleManager.swift in Sources */ = {isa = PBXBuildFile; fileRef = 8ED6006326D4993D00B8140E /* SingleManager.swift */; };
		8EDBA52026AE660C0094EB32 /* BookDetailHeaderView.swift in Sources */ = {isa = PBXBuildFile; fileRef = 8EDBA51F26AE660C0094EB32 /* BookDetailHeaderView.swift */; };
		8EDBA52526AEB79C0094EB32 /* UIViewExtension.swift in Sources */ = {isa = PBXBuildFile; fileRef = 8EDBA52426AEB79C0094EB32 /* UIViewExtension.swift */; };
		8EDBA52B26AFB76C0094EB32 /* ChapterReadViewController.swift in Sources */ = {isa = PBXBuildFile; fileRef = 8EDBA52A26AFB76C0094EB32 /* ChapterReadViewController.swift */; };
		8EDBA53026AFBB410094EB32 /* ReadTopBarView.swift in Sources */ = {isa = PBXBuildFile; fileRef = 8EDBA52F26AFBB410094EB32 /* ReadTopBarView.swift */; };
		8EDBA53526AFBC970094EB32 /* ReadBottomBarView.swift in Sources */ = {isa = PBXBuildFile; fileRef = 8EDBA53426AFBC970094EB32 /* ReadBottomBarView.swift */; };
		8EDBA54326B12DDA0094EB32 /* ReadCollectionViewCell.swift in Sources */ = {isa = PBXBuildFile; fileRef = 8EDBA54226B12DDA0094EB32 /* ReadCollectionViewCell.swift */; };
		8EE1644B2694410A00F96808 /* Tabbar.swift in Sources */ = {isa = PBXBuildFile; fileRef = 8EE1644A2694410A00F96808 /* Tabbar.swift */; };
		8EE1645D26945B5200F96808 /* API.swift in Sources */ = {isa = PBXBuildFile; fileRef = 8EE1645C26945B5200F96808 /* API.swift */; };
		8EE1646526945E2B00F96808 /* MessageViewController.swift in Sources */ = {isa = PBXBuildFile; fileRef = 8EE1646426945E2B00F96808 /* MessageViewController.swift */; };
		8EE16479269551BD00F96808 /* Content.swift in Sources */ = {isa = PBXBuildFile; fileRef = 8EE16478269551BD00F96808 /* Content.swift */; };
		8EE1648426955AB700F96808 /* Item.swift in Sources */ = {isa = PBXBuildFile; fileRef = 8EE1648326955AB700F96808 /* Item.swift */; };
		8EE1648926955AD300F96808 /* User.swift in Sources */ = {isa = PBXBuildFile; fileRef = 8EE1648826955AD300F96808 /* User.swift */; };
		8EE164A42695854E00F96808 /* MessageTabCell.swift in Sources */ = {isa = PBXBuildFile; fileRef = 8EE164A32695854E00F96808 /* MessageTabCell.swift */; };
		8EE164AA26958D5F00F96808 /* UIColorExtension.swift in Sources */ = {isa = PBXBuildFile; fileRef = 8EE164A926958D5F00F96808 /* UIColorExtension.swift */; };
		8EE164C72695A75A00F96808 /* MyHeaderView.swift in Sources */ = {isa = PBXBuildFile; fileRef = 8EE164C62695A75A00F96808 /* MyHeaderView.swift */; };
		8EE164CC269693F600F96808 /* SettingViewController.swift in Sources */ = {isa = PBXBuildFile; fileRef = 8EE164CB269693F600F96808 /* SettingViewController.swift */; };
		8EE164D126969FBC00F96808 /* MJNaviViewController.swift in Sources */ = {isa = PBXBuildFile; fileRef = 8EE164D026969FBC00F96808 /* MJNaviViewController.swift */; };
		8EE164D92696A68E00F96808 /* ParallaxHeaderMode.swift in Sources */ = {isa = PBXBuildFile; fileRef = 8EE164D62696A68E00F96808 /* ParallaxHeaderMode.swift */; };
		8EE164DA2696A68E00F96808 /* UIScrollView+ParallaxHeader.swift in Sources */ = {isa = PBXBuildFile; fileRef = 8EE164D72696A68E00F96808 /* UIScrollView+ParallaxHeader.swift */; };
		8EE164DB2696A68E00F96808 /* ParallaxHeader.swift in Sources */ = {isa = PBXBuildFile; fileRef = 8EE164D82696A68E00F96808 /* ParallaxHeader.swift */; };
		8EE1650D2696E84C00F96808 /* TransitionViewController.swift in Sources */ = {isa = PBXBuildFile; fileRef = 8EE1650C2696E84C00F96808 /* TransitionViewController.swift */; };
		8EE165242696ED8600F96808 /* TransitionModel.swift in Sources */ = {isa = PBXBuildFile; fileRef = 8EE165232696ED8600F96808 /* TransitionModel.swift */; };
		8EE165292696EDD000F96808 /* TransCollectionCell.swift in Sources */ = {isa = PBXBuildFile; fileRef = 8EE165282696EDD000F96808 /* TransCollectionCell.swift */; };
		8EE1652E2696EFAE00F96808 /* TransDetailViewController.swift in Sources */ = {isa = PBXBuildFile; fileRef = 8EE1652D2696EFAE00F96808 /* TransDetailViewController.swift */; };
		8EE165332696F0DC00F96808 /* CustomPushTransition.swift in Sources */ = {isa = PBXBuildFile; fileRef = 8EE165322696F0DC00F96808 /* CustomPushTransition.swift */; };
		8EE165532696F85600F96808 /* CustomPopTransition.swift in Sources */ = {isa = PBXBuildFile; fileRef = 8EE165522696F85600F96808 /* CustomPopTransition.swift */; };
		8EE165582697E6D900F96808 /* MJGlobal.swift in Sources */ = {isa = PBXBuildFile; fileRef = 8EE165572697E6D900F96808 /* MJGlobal.swift */; };
		8EE3E4C8277B02E80087C2AC /* RxSwiftViewController.swift in Sources */ = {isa = PBXBuildFile; fileRef = 8EE3E4C7277B02E80087C2AC /* RxSwiftViewController.swift */; };
		8EE6B2C7274F2C2000E77A52 /* SwiftCharacterViewController.swift in Sources */ = {isa = PBXBuildFile; fileRef = 8EE6B2C6274F2C2000E77A52 /* SwiftCharacterViewController.swift */; };
/* End PBXBuildFile section */

/* Begin PBXContainerItemProxy section */
		8E73AB3C27CDFE53002649E1 /* PBXContainerItemProxy */ = {
			isa = PBXContainerItemProxy;
			containerPortal = 8EAB131E268EAA9E00DEB5B1 /* Project object */;
			proxyType = 1;
			remoteGlobalIDString = 8E73AB2D27CDFE4F002649E1;
			remoteInfo = WidgetTestExtension;
		};
		8EAB133D268EAAA000DEB5B1 /* PBXContainerItemProxy */ = {
			isa = PBXContainerItemProxy;
			containerPortal = 8EAB131E268EAA9E00DEB5B1 /* Project object */;
			proxyType = 1;
			remoteGlobalIDString = 8EAB1325268EAA9E00DEB5B1;
			remoteInfo = SwiftDemos;
		};
		8EAB1348268EAAA000DEB5B1 /* PBXContainerItemProxy */ = {
			isa = PBXContainerItemProxy;
			containerPortal = 8EAB131E268EAA9E00DEB5B1 /* Project object */;
			proxyType = 1;
			remoteGlobalIDString = 8EAB1325268EAA9E00DEB5B1;
			remoteInfo = SwiftDemos;
		};
/* End PBXContainerItemProxy section */

/* Begin PBXCopyFilesBuildPhase section */
		8E73AB4227CDFE53002649E1 /* Embed App Extensions */ = {
			isa = PBXCopyFilesBuildPhase;
			buildActionMask = 2147483647;
			dstPath = "";
			dstSubfolderSpec = 13;
			files = (
				8E73AB3E27CDFE53002649E1 /* WidgetTestExtension.appex in Embed App Extensions */,
			);
			name = "Embed App Extensions";
			runOnlyForDeploymentPostprocessing = 0;
		};
/* End PBXCopyFilesBuildPhase section */

/* Begin PBXFileReference section */
		03D4E653F6616F7AEC4B0F1D /* Pods-SwiftDemos.release.xcconfig */ = {isa = PBXFileReference; includeInIndex = 1; lastKnownFileType = text.xcconfig; name = "Pods-SwiftDemos.release.xcconfig"; path = "Target Support Files/Pods-SwiftDemos/Pods-SwiftDemos.release.xcconfig"; sourceTree = "<group>"; };
		3B80AD907111B124C97B6BA3 /* Pods-SwiftDemos.debug.xcconfig */ = {isa = PBXFileReference; includeInIndex = 1; lastKnownFileType = text.xcconfig; name = "Pods-SwiftDemos.debug.xcconfig"; path = "Target Support Files/Pods-SwiftDemos/Pods-SwiftDemos.debug.xcconfig"; sourceTree = "<group>"; };
		5B21FBEC0BA395A73D546D11 /* Pods_SwiftDemos.framework */ = {isa = PBXFileReference; explicitFileType = wrapper.framework; includeInIndex = 0; path = Pods_SwiftDemos.framework; sourceTree = BUILT_PRODUCTS_DIR; };
		8E228C19269C19C30012BF18 /* MJAPI.swift */ = {isa = PBXFileReference; lastKnownFileType = sourcecode.swift; path = MJAPI.swift; sourceTree = "<group>"; };
		8E228C20269C36D90012BF18 /* BookDetailViewController.swift */ = {isa = PBXFileReference; lastKnownFileType = sourcecode.swift; path = BookDetailViewController.swift; sourceTree = "<group>"; };
		8E228C25269C37BF0012BF18 /* DetailStaticModel.swift */ = {isa = PBXFileReference; lastKnownFileType = sourcecode.swift; path = DetailStaticModel.swift; sourceTree = "<group>"; };
		8E73AB2E27CDFE4F002649E1 /* WidgetTestExtension.appex */ = {isa = PBXFileReference; explicitFileType = "wrapper.app-extension"; includeInIndex = 0; path = WidgetTestExtension.appex; sourceTree = BUILT_PRODUCTS_DIR; };
		8E73AB2F27CDFE50002649E1 /* WidgetKit.framework */ = {isa = PBXFileReference; lastKnownFileType = wrapper.framework; name = WidgetKit.framework; path = System/Library/Frameworks/WidgetKit.framework; sourceTree = SDKROOT; };
		8E73AB3127CDFE50002649E1 /* SwiftUI.framework */ = {isa = PBXFileReference; lastKnownFileType = wrapper.framework; name = SwiftUI.framework; path = System/Library/Frameworks/SwiftUI.framework; sourceTree = SDKROOT; };
		8E73AB3427CDFE50002649E1 /* WidgetTest.swift */ = {isa = PBXFileReference; lastKnownFileType = sourcecode.swift; path = WidgetTest.swift; sourceTree = "<group>"; };
		8E73AB3627CDFE50002649E1 /* WidgetTest.intentdefinition */ = {isa = PBXFileReference; lastKnownFileType = file.intentdefinition; path = WidgetTest.intentdefinition; sourceTree = "<group>"; };
		8E73AB3727CDFE53002649E1 /* Assets.xcassets */ = {isa = PBXFileReference; lastKnownFileType = folder.assetcatalog; path = Assets.xcassets; sourceTree = "<group>"; };
		8E73AB3927CDFE53002649E1 /* Info.plist */ = {isa = PBXFileReference; lastKnownFileType = text.plist.xml; path = Info.plist; sourceTree = "<group>"; };
		8E73AB4327CE0888002649E1 /* SwiftDemos.entitlements */ = {isa = PBXFileReference; lastKnownFileType = text.plist.entitlements; path = SwiftDemos.entitlements; sourceTree = "<group>"; };
		8E73AB4627CF39BE002649E1 /* WidgetTestExtension.entitlements */ = {isa = PBXFileReference; lastKnownFileType = text.plist.entitlements; path = WidgetTestExtension.entitlements; sourceTree = "<group>"; };
		8E73AB4727D1AD65002649E1 /* RxSwiftViewController3.swift */ = {isa = PBXFileReference; lastKnownFileType = sourcecode.swift; path = RxSwiftViewController3.swift; sourceTree = "<group>"; };
		8E742DED2755FB060062C219 /* CustomButton.swift */ = {isa = PBXFileReference; lastKnownFileType = sourcecode.swift; path = CustomButton.swift; sourceTree = "<group>"; };
		8E75BDEE26CF94C200F91E32 /* ReverseValueViewController.swift */ = {isa = PBXFileReference; lastKnownFileType = sourcecode.swift; path = ReverseValueViewController.swift; sourceTree = "<group>"; };
		8E75BDF326CF964B00F91E32 /* ReverseValueTwoViewController.swift */ = {isa = PBXFileReference; lastKnownFileType = sourcecode.swift; path = ReverseValueTwoViewController.swift; sourceTree = "<group>"; };
		8E848F842694380300520E28 /* TabbarViewController.swift */ = {isa = PBXFileReference; lastKnownFileType = sourcecode.swift; path = TabbarViewController.swift; sourceTree = "<group>"; };
		8E848F9826943C6900520E28 /* MyViewController.swift */ = {isa = PBXFileReference; lastKnownFileType = sourcecode.swift; path = MyViewController.swift; sourceTree = "<group>"; };
		8E8958912774439C0038CE42 /* ClosureLearnViewController.swift */ = {isa = PBXFileReference; lastKnownFileType = sourcecode.swift; path = ClosureLearnViewController.swift; sourceTree = "<group>"; };
		8E92A731278546690020B65B /* RxSwiftViewController2.swift */ = {isa = PBXFileReference; lastKnownFileType = sourcecode.swift; path = RxSwiftViewController2.swift; sourceTree = "<group>"; };
		8E92A734278548580020B65B /* Protocols.swift */ = {isa = PBXFileReference; lastKnownFileType = sourcecode.swift; path = Protocols.swift; sourceTree = "<group>"; };
		8E92A736278575AF0020B65B /* GithubSignupViewModel.swift */ = {isa = PBXFileReference; lastKnownFileType = sourcecode.swift; path = GithubSignupViewModel.swift; sourceTree = "<group>"; };
		8E92A73B2785997A0020B65B /* ActivityIndicator.swift */ = {isa = PBXFileReference; fileEncoding = 4; lastKnownFileType = sourcecode.swift; path = ActivityIndicator.swift; sourceTree = "<group>"; };
		8E92A73D27868F710020B65B /* DefaultImplementations.swift */ = {isa = PBXFileReference; fileEncoding = 4; lastKnownFileType = sourcecode.swift; path = DefaultImplementations.swift; sourceTree = "<group>"; };
		8E92A73F27868FCC0020B65B /* Wireframe.swift */ = {isa = PBXFileReference; fileEncoding = 4; lastKnownFileType = sourcecode.swift; path = Wireframe.swift; sourceTree = "<group>"; };
		8E92A741278690280020B65B /* String+URL.swift */ = {isa = PBXFileReference; fileEncoding = 4; lastKnownFileType = sourcecode.swift; path = "String+URL.swift"; sourceTree = "<group>"; };
		8E92A743278697020020B65B /* BindingExtensions.swift */ = {isa = PBXFileReference; fileEncoding = 4; lastKnownFileType = sourcecode.swift; path = BindingExtensions.swift; sourceTree = "<group>"; };
		8E9590D2283244E10035BC12 /* DropDownMenuViewController.swift */ = {isa = PBXFileReference; lastKnownFileType = sourcecode.swift; path = DropDownMenuViewController.swift; sourceTree = "<group>"; };
		8E9590D4283247660035BC12 /* DropMenuView.swift */ = {isa = PBXFileReference; lastKnownFileType = sourcecode.swift; path = DropMenuView.swift; sourceTree = "<group>"; };
		8E9590D628324ACB0035BC12 /* DropMenuViewProtocol.swift */ = {isa = PBXFileReference; lastKnownFileType = sourcecode.swift; path = DropMenuViewProtocol.swift; sourceTree = "<group>"; };
		8E9590D828333C330035BC12 /* CodableViewController.swift */ = {isa = PBXFileReference; lastKnownFileType = sourcecode.swift; path = CodableViewController.swift; sourceTree = "<group>"; };
		8E9590DA283367470035BC12 /* ProductModel.swift */ = {isa = PBXFileReference; lastKnownFileType = sourcecode.swift; path = ProductModel.swift; sourceTree = "<group>"; };
		8EAB1326268EAA9E00DEB5B1 /* SwiftDemos.app */ = {isa = PBXFileReference; explicitFileType = wrapper.application; includeInIndex = 0; path = SwiftDemos.app; sourceTree = BUILT_PRODUCTS_DIR; };
		8EAB1329268EAA9E00DEB5B1 /* AppDelegate.swift */ = {isa = PBXFileReference; lastKnownFileType = sourcecode.swift; path = AppDelegate.swift; sourceTree = "<group>"; };
		8EAB132D268EAA9E00DEB5B1 /* HomeViewController.swift */ = {isa = PBXFileReference; lastKnownFileType = sourcecode.swift; path = HomeViewController.swift; sourceTree = "<group>"; };
		8EAB1330268EAA9E00DEB5B1 /* Base */ = {isa = PBXFileReference; lastKnownFileType = file.storyboard; name = Base; path = Base.lproj/Main.storyboard; sourceTree = "<group>"; };
		8EAB1332268EAAA000DEB5B1 /* Assets.xcassets */ = {isa = PBXFileReference; lastKnownFileType = folder.assetcatalog; path = Assets.xcassets; sourceTree = "<group>"; };
		8EAB1335268EAAA000DEB5B1 /* Base */ = {isa = PBXFileReference; lastKnownFileType = file.storyboard; name = Base; path = Base.lproj/LaunchScreen.storyboard; sourceTree = "<group>"; };
		8EAB1337268EAAA000DEB5B1 /* Info.plist */ = {isa = PBXFileReference; lastKnownFileType = text.plist.xml; path = Info.plist; sourceTree = "<group>"; };
		8EAB133C268EAAA000DEB5B1 /* SwiftDemosTests.xctest */ = {isa = PBXFileReference; explicitFileType = wrapper.cfbundle; includeInIndex = 0; path = SwiftDemosTests.xctest; sourceTree = BUILT_PRODUCTS_DIR; };
		8EAB1340268EAAA000DEB5B1 /* SwiftDemosTests.swift */ = {isa = PBXFileReference; lastKnownFileType = sourcecode.swift; path = SwiftDemosTests.swift; sourceTree = "<group>"; };
		8EAB1342268EAAA000DEB5B1 /* Info.plist */ = {isa = PBXFileReference; lastKnownFileType = text.plist.xml; path = Info.plist; sourceTree = "<group>"; };
		8EAB1347268EAAA000DEB5B1 /* SwiftDemosUITests.xctest */ = {isa = PBXFileReference; explicitFileType = wrapper.cfbundle; includeInIndex = 0; path = SwiftDemosUITests.xctest; sourceTree = BUILT_PRODUCTS_DIR; };
		8EAB134B268EAAA000DEB5B1 /* SwiftDemosUITests.swift */ = {isa = PBXFileReference; lastKnownFileType = sourcecode.swift; path = SwiftDemosUITests.swift; sourceTree = "<group>"; };
		8EAB134D268EAAA000DEB5B1 /* Info.plist */ = {isa = PBXFileReference; lastKnownFileType = text.plist.xml; path = Info.plist; sourceTree = "<group>"; };
		8EAB135F268EABDB00DEB5B1 /* MJMacro.swift */ = {isa = PBXFileReference; lastKnownFileType = sourcecode.swift; path = MJMacro.swift; sourceTree = "<group>"; };
		8EAB136A268EB08F00DEB5B1 /* FontViewController.swift */ = {isa = PBXFileReference; lastKnownFileType = sourcecode.swift; path = FontViewController.swift; sourceTree = "<group>"; };
		8EAB1372268EB0EC00DEB5B1 /* MJBaseViewController.swift */ = {isa = PBXFileReference; lastKnownFileType = sourcecode.swift; path = MJBaseViewController.swift; sourceTree = "<group>"; };
		8EAB1384268EB69D00DEB5B1 /* WeatherViewController.swift */ = {isa = PBXFileReference; lastKnownFileType = sourcecode.swift; path = WeatherViewController.swift; sourceTree = "<group>"; };
		8EAB1389268EB72E00DEB5B1 /* WeatherModel.swift */ = {isa = PBXFileReference; lastKnownFileType = sourcecode.swift; path = WeatherModel.swift; sourceTree = "<group>"; };
		8EAB139C268EDE4000DEB5B1 /* 99.png */ = {isa = PBXFileReference; lastKnownFileType = image.png; path = 99.png; sourceTree = "<group>"; };
		8EAB139D268EDE4000DEB5B1 /* 8.png */ = {isa = PBXFileReference; lastKnownFileType = image.png; path = 8.png; sourceTree = "<group>"; };
		8EAB139E268EDE4000DEB5B1 /* 9.png */ = {isa = PBXFileReference; lastKnownFileType = image.png; path = 9.png; sourceTree = "<group>"; };
		8EAB139F268EDE4000DEB5B1 /* 14.png */ = {isa = PBXFileReference; lastKnownFileType = image.png; path = 14.png; sourceTree = "<group>"; };
		8EAB13A0268EDE4000DEB5B1 /* 28.png */ = {isa = PBXFileReference; lastKnownFileType = image.png; path = 28.png; sourceTree = "<group>"; };
		8EAB13A1268EDE4000DEB5B1 /* 29.png */ = {isa = PBXFileReference; lastKnownFileType = image.png; path = 29.png; sourceTree = "<group>"; };
		8EAB13A2268EDE4000DEB5B1 /* 15.png */ = {isa = PBXFileReference; lastKnownFileType = image.png; path = 15.png; sourceTree = "<group>"; };
		8EAB13A3268EDE4000DEB5B1 /* 17.png */ = {isa = PBXFileReference; lastKnownFileType = image.png; path = 17.png; sourceTree = "<group>"; };
		8EAB13A4268EDE4000DEB5B1 /* 16.png */ = {isa = PBXFileReference; lastKnownFileType = image.png; path = 16.png; sourceTree = "<group>"; };
		8EAB13A5268EDE4000DEB5B1 /* 12.png */ = {isa = PBXFileReference; lastKnownFileType = image.png; path = 12.png; sourceTree = "<group>"; };
		8EAB13A6268EDE4000DEB5B1 /* 13.png */ = {isa = PBXFileReference; lastKnownFileType = image.png; path = 13.png; sourceTree = "<group>"; };
		8EAB13A7268EDE4000DEB5B1 /* 11.png */ = {isa = PBXFileReference; lastKnownFileType = image.png; path = 11.png; sourceTree = "<group>"; };
		8EAB13A8268EDE4000DEB5B1 /* 10.png */ = {isa = PBXFileReference; lastKnownFileType = image.png; path = 10.png; sourceTree = "<group>"; };
		8EAB13A9268EDE4000DEB5B1 /* 38.png */ = {isa = PBXFileReference; lastKnownFileType = image.png; path = 38.png; sourceTree = "<group>"; };
		8EAB13AA268EDE4000DEB5B1 /* 35.png */ = {isa = PBXFileReference; lastKnownFileType = image.png; path = 35.png; sourceTree = "<group>"; };
		8EAB13AB268EDE4000DEB5B1 /* 21.png */ = {isa = PBXFileReference; lastKnownFileType = image.png; path = 21.png; sourceTree = "<group>"; };
		8EAB13AC268EDE4000DEB5B1 /* 20.png */ = {isa = PBXFileReference; lastKnownFileType = image.png; path = 20.png; sourceTree = "<group>"; };
		8EAB13AD268EDE4000DEB5B1 /* 34.png */ = {isa = PBXFileReference; lastKnownFileType = image.png; path = 34.png; sourceTree = "<group>"; };
		8EAB13AE268EDE4000DEB5B1 /* 22.png */ = {isa = PBXFileReference; lastKnownFileType = image.png; path = 22.png; sourceTree = "<group>"; };
		8EAB13AF268EDE4000DEB5B1 /* 36.png */ = {isa = PBXFileReference; lastKnownFileType = image.png; path = 36.png; sourceTree = "<group>"; };
		8EAB13B0268EDE4000DEB5B1 /* 37.png */ = {isa = PBXFileReference; lastKnownFileType = image.png; path = 37.png; sourceTree = "<group>"; };
		8EAB13B1268EDE4000DEB5B1 /* 23.png */ = {isa = PBXFileReference; lastKnownFileType = image.png; path = 23.png; sourceTree = "<group>"; };
		8EAB13B2268EDE4000DEB5B1 /* 27.png */ = {isa = PBXFileReference; lastKnownFileType = image.png; path = 27.png; sourceTree = "<group>"; };
		8EAB13B3268EDE4000DEB5B1 /* 33.png */ = {isa = PBXFileReference; lastKnownFileType = image.png; path = 33.png; sourceTree = "<group>"; };
		8EAB13B4268EDE4000DEB5B1 /* 32.png */ = {isa = PBXFileReference; lastKnownFileType = image.png; path = 32.png; sourceTree = "<group>"; };
		8EAB13B5268EDE4000DEB5B1 /* 26.png */ = {isa = PBXFileReference; lastKnownFileType = image.png; path = 26.png; sourceTree = "<group>"; };
		8EAB13B6268EDE4000DEB5B1 /* 18.png */ = {isa = PBXFileReference; lastKnownFileType = image.png; path = 18.png; sourceTree = "<group>"; };
		8EAB13B7268EDE4000DEB5B1 /* 30.png */ = {isa = PBXFileReference; lastKnownFileType = image.png; path = 30.png; sourceTree = "<group>"; };
		8EAB13B8268EDE4000DEB5B1 /* 24.png */ = {isa = PBXFileReference; lastKnownFileType = image.png; path = 24.png; sourceTree = "<group>"; };
		8EAB13B9268EDE4000DEB5B1 /* 25.png */ = {isa = PBXFileReference; lastKnownFileType = image.png; path = 25.png; sourceTree = "<group>"; };
		8EAB13BA268EDE4000DEB5B1 /* 31.png */ = {isa = PBXFileReference; lastKnownFileType = image.png; path = 31.png; sourceTree = "<group>"; };
		8EAB13BB268EDE4000DEB5B1 /* 19.png */ = {isa = PBXFileReference; lastKnownFileType = image.png; path = 19.png; sourceTree = "<group>"; };
		8EAB13BC268EDE4000DEB5B1 /* 4.png */ = {isa = PBXFileReference; lastKnownFileType = image.png; path = 4.png; sourceTree = "<group>"; };
		8EAB13BD268EDE4000DEB5B1 /* 5.png */ = {isa = PBXFileReference; lastKnownFileType = image.png; path = 5.png; sourceTree = "<group>"; };
		8EAB13BE268EDE4000DEB5B1 /* 7.png */ = {isa = PBXFileReference; lastKnownFileType = image.png; path = 7.png; sourceTree = "<group>"; };
		8EAB13BF268EDE4000DEB5B1 /* 6.png */ = {isa = PBXFileReference; lastKnownFileType = image.png; path = 6.png; sourceTree = "<group>"; };
		8EAB13C0268EDE4000DEB5B1 /* 2.png */ = {isa = PBXFileReference; lastKnownFileType = image.png; path = 2.png; sourceTree = "<group>"; };
		8EAB13C1268EDE4000DEB5B1 /* 3.png */ = {isa = PBXFileReference; lastKnownFileType = image.png; path = 3.png; sourceTree = "<group>"; };
		8EAB13C2268EDE4000DEB5B1 /* 1.png */ = {isa = PBXFileReference; lastKnownFileType = image.png; path = 1.png; sourceTree = "<group>"; };
		8EAB13C3268EDE4000DEB5B1 /* 0.png */ = {isa = PBXFileReference; lastKnownFileType = image.png; path = 0.png; sourceTree = "<group>"; };
		8EAB13F5268EE0C700DEB5B1 /* TextInputViewController.swift */ = {isa = PBXFileReference; lastKnownFileType = sourcecode.swift; path = TextInputViewController.swift; sourceTree = "<group>"; };
		8EAB1401268EEDD800DEB5B1 /* AudioViewController.swift */ = {isa = PBXFileReference; lastKnownFileType = sourcecode.swift; path = AudioViewController.swift; sourceTree = "<group>"; };
		8EAB1406268EEF3500DEB5B1 /* live.mp3 */ = {isa = PBXFileReference; lastKnownFileType = audio.mp3; path = live.mp3; sourceTree = "<group>"; };
		8EB6603626A6A1EE00EE506D /* MJPageViewController.swift */ = {isa = PBXFileReference; lastKnownFileType = sourcecode.swift; path = MJPageViewController.swift; sourceTree = "<group>"; };
		8EB6604826A6B43E00EE506D /* ContentDetailViewController.swift */ = {isa = PBXFileReference; lastKnownFileType = sourcecode.swift; path = ContentDetailViewController.swift; sourceTree = "<group>"; };
		8EB6604D26A6B46400EE506D /* ContentChapterViewController.swift */ = {isa = PBXFileReference; lastKnownFileType = sourcecode.swift; path = ContentChapterViewController.swift; sourceTree = "<group>"; };
		8EB6605226A6B47500EE506D /* ContentCommentViewController.swift */ = {isa = PBXFileReference; lastKnownFileType = sourcecode.swift; path = ContentCommentViewController.swift; sourceTree = "<group>"; };
		8EB6605726A7BEFD00EE506D /* ChapterCollectionCell.swift */ = {isa = PBXFileReference; lastKnownFileType = sourcecode.swift; path = ChapterCollectionCell.swift; sourceTree = "<group>"; };
		8EB6605C26A7CECB00EE506D /* ChapterCollectionReusableView.swift */ = {isa = PBXFileReference; lastKnownFileType = sourcecode.swift; path = ChapterCollectionReusableView.swift; sourceTree = "<group>"; };
		8EB660CF26A95FCB00EE506D /* CommentListTabCell.swift */ = {isa = PBXFileReference; lastKnownFileType = sourcecode.swift; path = CommentListTabCell.swift; sourceTree = "<group>"; };
		8EB660D426AA679700EE506D /* DescriptionTabCell.swift */ = {isa = PBXFileReference; lastKnownFileType = sourcecode.swift; path = DescriptionTabCell.swift; sourceTree = "<group>"; };
		8EB660D926AA92E000EE506D /* GuessLikeTabCell.swift */ = {isa = PBXFileReference; lastKnownFileType = sourcecode.swift; path = GuessLikeTabCell.swift; sourceTree = "<group>"; };
		8EB660DE26AAA75A00EE506D /* GuessLikeCollectionCell.swift */ = {isa = PBXFileReference; lastKnownFileType = sourcecode.swift; path = GuessLikeCollectionCell.swift; sourceTree = "<group>"; };
		8EC3171B2692B3B100DE462C /* StretchyViewController.swift */ = {isa = PBXFileReference; lastKnownFileType = sourcecode.swift; path = StretchyViewController.swift; sourceTree = "<group>"; };
		8EC317232692D22A00DE462C /* PickerViewController.swift */ = {isa = PBXFileReference; lastKnownFileType = sourcecode.swift; path = PickerViewController.swift; sourceTree = "<group>"; };
		8EC8DE05278450ED00707BB6 /* RxSimpleViewModel.swift */ = {isa = PBXFileReference; lastKnownFileType = sourcecode.swift; path = RxSimpleViewModel.swift; sourceTree = "<group>"; };
		8ED6006326D4993D00B8140E /* SingleManager.swift */ = {isa = PBXFileReference; lastKnownFileType = sourcecode.swift; path = SingleManager.swift; sourceTree = "<group>"; };
		8EDBA51F26AE660C0094EB32 /* BookDetailHeaderView.swift */ = {isa = PBXFileReference; lastKnownFileType = sourcecode.swift; path = BookDetailHeaderView.swift; sourceTree = "<group>"; };
		8EDBA52426AEB79C0094EB32 /* UIViewExtension.swift */ = {isa = PBXFileReference; lastKnownFileType = sourcecode.swift; path = UIViewExtension.swift; sourceTree = "<group>"; };
		8EDBA52A26AFB76C0094EB32 /* ChapterReadViewController.swift */ = {isa = PBXFileReference; lastKnownFileType = sourcecode.swift; path = ChapterReadViewController.swift; sourceTree = "<group>"; };
		8EDBA52F26AFBB410094EB32 /* ReadTopBarView.swift */ = {isa = PBXFileReference; lastKnownFileType = sourcecode.swift; path = ReadTopBarView.swift; sourceTree = "<group>"; };
		8EDBA53426AFBC970094EB32 /* ReadBottomBarView.swift */ = {isa = PBXFileReference; lastKnownFileType = sourcecode.swift; path = ReadBottomBarView.swift; sourceTree = "<group>"; };
		8EDBA54226B12DDA0094EB32 /* ReadCollectionViewCell.swift */ = {isa = PBXFileReference; lastKnownFileType = sourcecode.swift; path = ReadCollectionViewCell.swift; sourceTree = "<group>"; };
		8EE1644A2694410A00F96808 /* Tabbar.swift */ = {isa = PBXFileReference; lastKnownFileType = sourcecode.swift; path = Tabbar.swift; sourceTree = "<group>"; };
		8EE1645C26945B5200F96808 /* API.swift */ = {isa = PBXFileReference; lastKnownFileType = sourcecode.swift; path = API.swift; sourceTree = "<group>"; };
		8EE1646426945E2B00F96808 /* MessageViewController.swift */ = {isa = PBXFileReference; lastKnownFileType = sourcecode.swift; path = MessageViewController.swift; sourceTree = "<group>"; };
		8EE16478269551BD00F96808 /* Content.swift */ = {isa = PBXFileReference; lastKnownFileType = sourcecode.swift; path = Content.swift; sourceTree = "<group>"; };
		8EE1648326955AB700F96808 /* Item.swift */ = {isa = PBXFileReference; lastKnownFileType = sourcecode.swift; path = Item.swift; sourceTree = "<group>"; };
		8EE1648826955AD300F96808 /* User.swift */ = {isa = PBXFileReference; lastKnownFileType = sourcecode.swift; path = User.swift; sourceTree = "<group>"; };
		8EE164A32695854E00F96808 /* MessageTabCell.swift */ = {isa = PBXFileReference; lastKnownFileType = sourcecode.swift; path = MessageTabCell.swift; sourceTree = "<group>"; };
		8EE164A926958D5F00F96808 /* UIColorExtension.swift */ = {isa = PBXFileReference; lastKnownFileType = sourcecode.swift; path = UIColorExtension.swift; sourceTree = "<group>"; };
		8EE164C62695A75A00F96808 /* MyHeaderView.swift */ = {isa = PBXFileReference; lastKnownFileType = sourcecode.swift; path = MyHeaderView.swift; sourceTree = "<group>"; };
		8EE164CB269693F600F96808 /* SettingViewController.swift */ = {isa = PBXFileReference; lastKnownFileType = sourcecode.swift; path = SettingViewController.swift; sourceTree = "<group>"; };
		8EE164D026969FBC00F96808 /* MJNaviViewController.swift */ = {isa = PBXFileReference; lastKnownFileType = sourcecode.swift; path = MJNaviViewController.swift; sourceTree = "<group>"; };
		8EE164D62696A68E00F96808 /* ParallaxHeaderMode.swift */ = {isa = PBXFileReference; fileEncoding = 4; lastKnownFileType = sourcecode.swift; path = ParallaxHeaderMode.swift; sourceTree = "<group>"; };
		8EE164D72696A68E00F96808 /* UIScrollView+ParallaxHeader.swift */ = {isa = PBXFileReference; fileEncoding = 4; lastKnownFileType = sourcecode.swift; path = "UIScrollView+ParallaxHeader.swift"; sourceTree = "<group>"; };
		8EE164D82696A68E00F96808 /* ParallaxHeader.swift */ = {isa = PBXFileReference; fileEncoding = 4; lastKnownFileType = sourcecode.swift; path = ParallaxHeader.swift; sourceTree = "<group>"; };
		8EE1650C2696E84C00F96808 /* TransitionViewController.swift */ = {isa = PBXFileReference; lastKnownFileType = sourcecode.swift; path = TransitionViewController.swift; sourceTree = "<group>"; };
		8EE165232696ED8600F96808 /* TransitionModel.swift */ = {isa = PBXFileReference; lastKnownFileType = sourcecode.swift; path = TransitionModel.swift; sourceTree = "<group>"; };
		8EE165282696EDD000F96808 /* TransCollectionCell.swift */ = {isa = PBXFileReference; lastKnownFileType = sourcecode.swift; path = TransCollectionCell.swift; sourceTree = "<group>"; };
		8EE1652D2696EFAE00F96808 /* TransDetailViewController.swift */ = {isa = PBXFileReference; lastKnownFileType = sourcecode.swift; path = TransDetailViewController.swift; sourceTree = "<group>"; };
		8EE165322696F0DC00F96808 /* CustomPushTransition.swift */ = {isa = PBXFileReference; fileEncoding = 4; lastKnownFileType = sourcecode.swift; name = CustomPushTransition.swift; path = SwiftDemos/Home/Models/CustomPushTransition.swift; sourceTree = SOURCE_ROOT; };
		8EE165522696F85600F96808 /* CustomPopTransition.swift */ = {isa = PBXFileReference; fileEncoding = 4; lastKnownFileType = sourcecode.swift; path = CustomPopTransition.swift; sourceTree = "<group>"; };
		8EE165572697E6D900F96808 /* MJGlobal.swift */ = {isa = PBXFileReference; lastKnownFileType = sourcecode.swift; path = MJGlobal.swift; sourceTree = "<group>"; };
		8EE3E4C7277B02E80087C2AC /* RxSwiftViewController.swift */ = {isa = PBXFileReference; lastKnownFileType = sourcecode.swift; path = RxSwiftViewController.swift; sourceTree = "<group>"; };
		8EE6B2C6274F2C2000E77A52 /* SwiftCharacterViewController.swift */ = {isa = PBXFileReference; lastKnownFileType = sourcecode.swift; path = SwiftCharacterViewController.swift; sourceTree = "<group>"; };
/* End PBXFileReference section */

/* Begin PBXFrameworksBuildPhase section */
		8E73AB2B27CDFE4F002649E1 /* Frameworks */ = {
			isa = PBXFrameworksBuildPhase;
			buildActionMask = 2147483647;
			files = (
				8E73AB3227CDFE50002649E1 /* SwiftUI.framework in Frameworks */,
				8E73AB3027CDFE50002649E1 /* WidgetKit.framework in Frameworks */,
			);
			runOnlyForDeploymentPostprocessing = 0;
		};
		8EAB1323268EAA9E00DEB5B1 /* Frameworks */ = {
			isa = PBXFrameworksBuildPhase;
			buildActionMask = 2147483647;
			files = (
				0BD53DC9F797F407B9FFDF7E /* Pods_SwiftDemos.framework in Frameworks */,
			);
			runOnlyForDeploymentPostprocessing = 0;
		};
		8EAB1339268EAAA000DEB5B1 /* Frameworks */ = {
			isa = PBXFrameworksBuildPhase;
			buildActionMask = 2147483647;
			files = (
			);
			runOnlyForDeploymentPostprocessing = 0;
		};
		8EAB1344268EAAA000DEB5B1 /* Frameworks */ = {
			isa = PBXFrameworksBuildPhase;
			buildActionMask = 2147483647;
			files = (
			);
			runOnlyForDeploymentPostprocessing = 0;
		};
/* End PBXFrameworksBuildPhase section */

/* Begin PBXGroup section */
		8E228C1E269C369A0012BF18 /* Message */ = {
			isa = PBXGroup;
			children = (
				8EE1645C26945B5200F96808 /* API.swift */,
				8EE1646426945E2B00F96808 /* MessageViewController.swift */,
				8EE164A32695854E00F96808 /* MessageTabCell.swift */,
				8EE16478269551BD00F96808 /* Content.swift */,
				8EE1648326955AB700F96808 /* Item.swift */,
				8EE1648826955AD300F96808 /* User.swift */,
			);
			path = Message;
			sourceTree = "<group>";
		};
		8E228C1F269C36BB0012BF18 /* Detail */ = {
			isa = PBXGroup;
			children = (
				8EB660CB26A81FFC00EE506D /* Model */,
				8EB660CA26A81FED00EE506D /* Views */,
				8EB660C926A81FE400EE506D /* Controller */,
			);
			path = Detail;
			sourceTree = "<group>";
		};
		8E73AB3327CDFE50002649E1 /* WidgetTest */ = {
			isa = PBXGroup;
			children = (
				8E73AB3427CDFE50002649E1 /* WidgetTest.swift */,
				8E73AB3627CDFE50002649E1 /* WidgetTest.intentdefinition */,
				8E73AB3727CDFE53002649E1 /* Assets.xcassets */,
				8E73AB3927CDFE53002649E1 /* Info.plist */,
			);
			path = WidgetTest;
			sourceTree = "<group>";
		};
		8E848F75269436B500520E28 /* Main */ = {
			isa = PBXGroup;
			children = (
				8EAB1329268EAA9E00DEB5B1 /* AppDelegate.swift */,
				8EAB1372268EB0EC00DEB5B1 /* MJBaseViewController.swift */,
				8EE164D026969FBC00F96808 /* MJNaviViewController.swift */,
				8E848F842694380300520E28 /* TabbarViewController.swift */,
				8EE1644A2694410A00F96808 /* Tabbar.swift */,
			);
			path = Main;
			sourceTree = "<group>";
		};
		8E848F76269436BE00520E28 /* Home */ = {
			isa = PBXGroup;
			children = (
				8E92A733278548450020B65B /* Protocols */,
				8EC8DE0427842E8B00707BB6 /* ViewModel */,
				8EAB1369268EB06000DEB5B1 /* ViewControllers */,
				8EAB138E268EB73300DEB5B1 /* Models */,
				8EC3170F26929B2F00DE462C /* Views */,
			);
			path = Home;
			sourceTree = "<group>";
		};
		8E848F77269436E200520E28 /* Macro */ = {
			isa = PBXGroup;
			children = (
				8EAB135F268EABDB00DEB5B1 /* MJMacro.swift */,
			);
			path = Macro;
			sourceTree = "<group>";
		};
		8E848F782694370000520E28 /* Resource */ = {
			isa = PBXGroup;
			children = (
				8EAB139B268EDE4000DEB5B1 /* 天气现象图标 */,
				8EAB1406268EEF3500DEB5B1 /* live.mp3 */,
			);
			path = Resource;
			sourceTree = "<group>";
		};
		8E848F8C26943BB800520E28 /* My */ = {
			isa = PBXGroup;
			children = (
				8E848F9826943C6900520E28 /* MyViewController.swift */,
				8EE164C62695A75A00F96808 /* MyHeaderView.swift */,
				8EE164CB269693F600F96808 /* SettingViewController.swift */,
			);
			path = My;
			sourceTree = "<group>";
		};
		8E92A733278548450020B65B /* Protocols */ = {
			isa = PBXGroup;
			children = (
				8E92A741278690280020B65B /* String+URL.swift */,
				8E92A734278548580020B65B /* Protocols.swift */,
				8E92A73D27868F710020B65B /* DefaultImplementations.swift */,
				8E92A73F27868FCC0020B65B /* Wireframe.swift */,
				8E92A743278697020020B65B /* BindingExtensions.swift */,
			);
			path = Protocols;
			sourceTree = "<group>";
		};
		8EAB131D268EAA9E00DEB5B1 = {
			isa = PBXGroup;
			children = (
				8E73AB4627CF39BE002649E1 /* WidgetTestExtension.entitlements */,
				8EAB1328268EAA9E00DEB5B1 /* SwiftDemos */,
				8EAB133F268EAAA000DEB5B1 /* SwiftDemosTests */,
				8EAB134A268EAAA000DEB5B1 /* SwiftDemosUITests */,
				8E73AB3327CDFE50002649E1 /* WidgetTest */,
				8EAB1327268EAA9E00DEB5B1 /* Products */,
				AF7FAFA1E6F7777C41C5C5C1 /* Pods */,
				B192F38EFAC1D29159C4EF62 /* Frameworks */,
			);
			sourceTree = "<group>";
		};
		8EAB1327268EAA9E00DEB5B1 /* Products */ = {
			isa = PBXGroup;
			children = (
				8EAB1326268EAA9E00DEB5B1 /* SwiftDemos.app */,
				8EAB133C268EAAA000DEB5B1 /* SwiftDemosTests.xctest */,
				8EAB1347268EAAA000DEB5B1 /* SwiftDemosUITests.xctest */,
				8E73AB2E27CDFE4F002649E1 /* WidgetTestExtension.appex */,
			);
			name = Products;
			sourceTree = "<group>";
		};
		8EAB1328268EAA9E00DEB5B1 /* SwiftDemos */ = {
			isa = PBXGroup;
			children = (
				8E73AB4327CE0888002649E1 /* SwiftDemos.entitlements */,
				8EE165082696E7D600F96808 /* Others */,
				8EE164A826958D2C00F96808 /* Common */,
				8E848F77269436E200520E28 /* Macro */,
				8E848F75269436B500520E28 /* Main */,
				8E848F76269436BE00520E28 /* Home */,
				8EE1645B26945AEC00F96808 /* Message */,
				8E848F8C26943BB800520E28 /* My */,
				8E848F782694370000520E28 /* Resource */,
				8EAB132F268EAA9E00DEB5B1 /* Main.storyboard */,
				8EAB1332268EAAA000DEB5B1 /* Assets.xcassets */,
				8EAB1334268EAAA000DEB5B1 /* LaunchScreen.storyboard */,
				8EAB1337268EAAA000DEB5B1 /* Info.plist */,
			);
			path = SwiftDemos;
			sourceTree = "<group>";
		};
		8EAB133F268EAAA000DEB5B1 /* SwiftDemosTests */ = {
			isa = PBXGroup;
			children = (
				8EAB1340268EAAA000DEB5B1 /* SwiftDemosTests.swift */,
				8EAB1342268EAAA000DEB5B1 /* Info.plist */,
			);
			path = SwiftDemosTests;
			sourceTree = "<group>";
		};
		8EAB134A268EAAA000DEB5B1 /* SwiftDemosUITests */ = {
			isa = PBXGroup;
			children = (
				8EAB134B268EAAA000DEB5B1 /* SwiftDemosUITests.swift */,
				8EAB134D268EAAA000DEB5B1 /* Info.plist */,
			);
			path = SwiftDemosUITests;
			sourceTree = "<group>";
		};
		8EAB1369268EB06000DEB5B1 /* ViewControllers */ = {
			isa = PBXGroup;
			children = (
				8EAB132D268EAA9E00DEB5B1 /* HomeViewController.swift */,
				8EAB136A268EB08F00DEB5B1 /* FontViewController.swift */,
				8EAB1384268EB69D00DEB5B1 /* WeatherViewController.swift */,
				8EAB13F5268EE0C700DEB5B1 /* TextInputViewController.swift */,
				8EAB1401268EEDD800DEB5B1 /* AudioViewController.swift */,
				8EC3171B2692B3B100DE462C /* StretchyViewController.swift */,
				8EC317232692D22A00DE462C /* PickerViewController.swift */,
				8EE1650C2696E84C00F96808 /* TransitionViewController.swift */,
				8EE1652D2696EFAE00F96808 /* TransDetailViewController.swift */,
				8E75BDEE26CF94C200F91E32 /* ReverseValueViewController.swift */,
				8E75BDF326CF964B00F91E32 /* ReverseValueTwoViewController.swift */,
				8EE6B2C6274F2C2000E77A52 /* SwiftCharacterViewController.swift */,
				8E8958912774439C0038CE42 /* ClosureLearnViewController.swift */,
				8EE3E4C7277B02E80087C2AC /* RxSwiftViewController.swift */,
				8E92A731278546690020B65B /* RxSwiftViewController2.swift */,
				8E73AB4727D1AD65002649E1 /* RxSwiftViewController3.swift */,
				8E9590D2283244E10035BC12 /* DropDownMenuViewController.swift */,
				8E9590D828333C330035BC12 /* CodableViewController.swift */,
			);
			path = ViewControllers;
			sourceTree = "<group>";
		};
		8EAB138E268EB73300DEB5B1 /* Models */ = {
			isa = PBXGroup;
			children = (
				8EAB1389268EB72E00DEB5B1 /* WeatherModel.swift */,
				8EE165232696ED8600F96808 /* TransitionModel.swift */,
				8EE165322696F0DC00F96808 /* CustomPushTransition.swift */,
				8EE165522696F85600F96808 /* CustomPopTransition.swift */,
				8E9590DA283367470035BC12 /* ProductModel.swift */,
			);
			path = Models;
			sourceTree = "<group>";
		};
		8EAB139B268EDE4000DEB5B1 /* 天气现象图标 */ = {
			isa = PBXGroup;
			children = (
				8EAB139C268EDE4000DEB5B1 /* 99.png */,
				8EAB139D268EDE4000DEB5B1 /* 8.png */,
				8EAB139E268EDE4000DEB5B1 /* 9.png */,
				8EAB139F268EDE4000DEB5B1 /* 14.png */,
				8EAB13A0268EDE4000DEB5B1 /* 28.png */,
				8EAB13A1268EDE4000DEB5B1 /* 29.png */,
				8EAB13A2268EDE4000DEB5B1 /* 15.png */,
				8EAB13A3268EDE4000DEB5B1 /* 17.png */,
				8EAB13A4268EDE4000DEB5B1 /* 16.png */,
				8EAB13A5268EDE4000DEB5B1 /* 12.png */,
				8EAB13A6268EDE4000DEB5B1 /* 13.png */,
				8EAB13A7268EDE4000DEB5B1 /* 11.png */,
				8EAB13A8268EDE4000DEB5B1 /* 10.png */,
				8EAB13A9268EDE4000DEB5B1 /* 38.png */,
				8EAB13AA268EDE4000DEB5B1 /* 35.png */,
				8EAB13AB268EDE4000DEB5B1 /* 21.png */,
				8EAB13AC268EDE4000DEB5B1 /* 20.png */,
				8EAB13AD268EDE4000DEB5B1 /* 34.png */,
				8EAB13AE268EDE4000DEB5B1 /* 22.png */,
				8EAB13AF268EDE4000DEB5B1 /* 36.png */,
				8EAB13B0268EDE4000DEB5B1 /* 37.png */,
				8EAB13B1268EDE4000DEB5B1 /* 23.png */,
				8EAB13B2268EDE4000DEB5B1 /* 27.png */,
				8EAB13B3268EDE4000DEB5B1 /* 33.png */,
				8EAB13B4268EDE4000DEB5B1 /* 32.png */,
				8EAB13B5268EDE4000DEB5B1 /* 26.png */,
				8EAB13B6268EDE4000DEB5B1 /* 18.png */,
				8EAB13B7268EDE4000DEB5B1 /* 30.png */,
				8EAB13B8268EDE4000DEB5B1 /* 24.png */,
				8EAB13B9268EDE4000DEB5B1 /* 25.png */,
				8EAB13BA268EDE4000DEB5B1 /* 31.png */,
				8EAB13BB268EDE4000DEB5B1 /* 19.png */,
				8EAB13BC268EDE4000DEB5B1 /* 4.png */,
				8EAB13BD268EDE4000DEB5B1 /* 5.png */,
				8EAB13BE268EDE4000DEB5B1 /* 7.png */,
				8EAB13BF268EDE4000DEB5B1 /* 6.png */,
				8EAB13C0268EDE4000DEB5B1 /* 2.png */,
				8EAB13C1268EDE4000DEB5B1 /* 3.png */,
				8EAB13C2268EDE4000DEB5B1 /* 1.png */,
				8EAB13C3268EDE4000DEB5B1 /* 0.png */,
			);
			path = "天气现象图标";
			sourceTree = "<group>";
		};
		8EB660C926A81FE400EE506D /* Controller */ = {
			isa = PBXGroup;
			children = (
				8E228C20269C36D90012BF18 /* BookDetailViewController.swift */,
				8EB6603626A6A1EE00EE506D /* MJPageViewController.swift */,
				8EB6604826A6B43E00EE506D /* ContentDetailViewController.swift */,
				8EB6604D26A6B46400EE506D /* ContentChapterViewController.swift */,
				8EB6605226A6B47500EE506D /* ContentCommentViewController.swift */,
			);
			path = Controller;
			sourceTree = "<group>";
		};
		8EB660CA26A81FED00EE506D /* Views */ = {
			isa = PBXGroup;
			children = (
				8EB6605726A7BEFD00EE506D /* ChapterCollectionCell.swift */,
				8EB6605C26A7CECB00EE506D /* ChapterCollectionReusableView.swift */,
				8EB660CF26A95FCB00EE506D /* CommentListTabCell.swift */,
				8EB660D426AA679700EE506D /* DescriptionTabCell.swift */,
				8EB660D926AA92E000EE506D /* GuessLikeTabCell.swift */,
				8EB660DE26AAA75A00EE506D /* GuessLikeCollectionCell.swift */,
				8EDBA51F26AE660C0094EB32 /* BookDetailHeaderView.swift */,
			);
			path = Views;
			sourceTree = "<group>";
		};
		8EB660CB26A81FFC00EE506D /* Model */ = {
			isa = PBXGroup;
			children = (
				8E228C25269C37BF0012BF18 /* DetailStaticModel.swift */,
			);
			path = Model;
			sourceTree = "<group>";
		};
		8EC3170F26929B2F00DE462C /* Views */ = {
			isa = PBXGroup;
			children = (
				8EE165282696EDD000F96808 /* TransCollectionCell.swift */,
				8E742DED2755FB060062C219 /* CustomButton.swift */,
				8E92A73B2785997A0020B65B /* ActivityIndicator.swift */,
				8E9590D4283247660035BC12 /* DropMenuView.swift */,
				8E9590D628324ACB0035BC12 /* DropMenuViewProtocol.swift */,
			);
			path = Views;
			sourceTree = "<group>";
		};
		8EC8DE0427842E8B00707BB6 /* ViewModel */ = {
			isa = PBXGroup;
			children = (
				8EC8DE05278450ED00707BB6 /* RxSimpleViewModel.swift */,
				8E92A736278575AF0020B65B /* GithubSignupViewModel.swift */,
			);
			path = ViewModel;
			sourceTree = "<group>";
		};
		8EDBA52926AFB7460094EB32 /* Read */ = {
			isa = PBXGroup;
			children = (
				8EDBA52A26AFB76C0094EB32 /* ChapterReadViewController.swift */,
				8EDBA54226B12DDA0094EB32 /* ReadCollectionViewCell.swift */,
				8EDBA52F26AFBB410094EB32 /* ReadTopBarView.swift */,
				8EDBA53426AFBC970094EB32 /* ReadBottomBarView.swift */,
			);
			path = Read;
			sourceTree = "<group>";
		};
		8EE1645B26945AEC00F96808 /* Message */ = {
			isa = PBXGroup;
			children = (
				8EDBA52926AFB7460094EB32 /* Read */,
				8E228C1F269C36BB0012BF18 /* Detail */,
				8E228C1E269C369A0012BF18 /* Message */,
			);
			path = Message;
			sourceTree = "<group>";
		};
		8EE164A826958D2C00F96808 /* Common */ = {
			isa = PBXGroup;
			children = (
				8EE164A926958D5F00F96808 /* UIColorExtension.swift */,
				8EE165572697E6D900F96808 /* MJGlobal.swift */,
				8E228C19269C19C30012BF18 /* MJAPI.swift */,
				8EDBA52426AEB79C0094EB32 /* UIViewExtension.swift */,
				8ED6006326D4993D00B8140E /* SingleManager.swift */,
			);
			path = Common;
			sourceTree = "<group>";
		};
		8EE164D52696A68E00F96808 /* ParallaxHeader */ = {
			isa = PBXGroup;
			children = (
				8EE164D62696A68E00F96808 /* ParallaxHeaderMode.swift */,
				8EE164D72696A68E00F96808 /* UIScrollView+ParallaxHeader.swift */,
				8EE164D82696A68E00F96808 /* ParallaxHeader.swift */,
			);
			path = ParallaxHeader;
			sourceTree = "<group>";
		};
		8EE165082696E7D600F96808 /* Others */ = {
			isa = PBXGroup;
			children = (
				8EE164D52696A68E00F96808 /* ParallaxHeader */,
			);
			path = Others;
			sourceTree = "<group>";
		};
		AF7FAFA1E6F7777C41C5C5C1 /* Pods */ = {
			isa = PBXGroup;
			children = (
				3B80AD907111B124C97B6BA3 /* Pods-SwiftDemos.debug.xcconfig */,
				03D4E653F6616F7AEC4B0F1D /* Pods-SwiftDemos.release.xcconfig */,
			);
			path = Pods;
			sourceTree = "<group>";
		};
		B192F38EFAC1D29159C4EF62 /* Frameworks */ = {
			isa = PBXGroup;
			children = (
				5B21FBEC0BA395A73D546D11 /* Pods_SwiftDemos.framework */,
				8E73AB2F27CDFE50002649E1 /* WidgetKit.framework */,
				8E73AB3127CDFE50002649E1 /* SwiftUI.framework */,
			);
			name = Frameworks;
			sourceTree = "<group>";
		};
/* End PBXGroup section */

/* Begin PBXNativeTarget section */
		8E73AB2D27CDFE4F002649E1 /* WidgetTestExtension */ = {
			isa = PBXNativeTarget;
			buildConfigurationList = 8E73AB3F27CDFE53002649E1 /* Build configuration list for PBXNativeTarget "WidgetTestExtension" */;
			buildPhases = (
				8E73AB2A27CDFE4F002649E1 /* Sources */,
				8E73AB2B27CDFE4F002649E1 /* Frameworks */,
				8E73AB2C27CDFE4F002649E1 /* Resources */,
			);
			buildRules = (
			);
			dependencies = (
			);
			name = WidgetTestExtension;
			productName = WidgetTestExtension;
			productReference = 8E73AB2E27CDFE4F002649E1 /* WidgetTestExtension.appex */;
			productType = "com.apple.product-type.app-extension";
		};
		8EAB1325268EAA9E00DEB5B1 /* SwiftDemos */ = {
			isa = PBXNativeTarget;
			buildConfigurationList = 8EAB1350268EAAA000DEB5B1 /* Build configuration list for PBXNativeTarget "SwiftDemos" */;
			buildPhases = (
				877D28DA09BDC049FA931F9F /* [CP] Check Pods Manifest.lock */,
				8EAB1322268EAA9E00DEB5B1 /* Sources */,
				8EAB1323268EAA9E00DEB5B1 /* Frameworks */,
				8EAB1324268EAA9E00DEB5B1 /* Resources */,
				F68E96085135E512E0C2BEBC /* [CP] Embed Pods Frameworks */,
				8E73AB4227CDFE53002649E1 /* Embed App Extensions */,
			);
			buildRules = (
			);
			dependencies = (
				8E73AB3D27CDFE53002649E1 /* PBXTargetDependency */,
			);
			name = SwiftDemos;
			productName = SwiftDemos;
			productReference = 8EAB1326268EAA9E00DEB5B1 /* SwiftDemos.app */;
			productType = "com.apple.product-type.application";
		};
		8EAB133B268EAAA000DEB5B1 /* SwiftDemosTests */ = {
			isa = PBXNativeTarget;
			buildConfigurationList = 8EAB1353268EAAA000DEB5B1 /* Build configuration list for PBXNativeTarget "SwiftDemosTests" */;
			buildPhases = (
				8EAB1338268EAAA000DEB5B1 /* Sources */,
				8EAB1339268EAAA000DEB5B1 /* Frameworks */,
				8EAB133A268EAAA000DEB5B1 /* Resources */,
			);
			buildRules = (
			);
			dependencies = (
				8EAB133E268EAAA000DEB5B1 /* PBXTargetDependency */,
			);
			name = SwiftDemosTests;
			productName = SwiftDemosTests;
			productReference = 8EAB133C268EAAA000DEB5B1 /* SwiftDemosTests.xctest */;
			productType = "com.apple.product-type.bundle.unit-test";
		};
		8EAB1346268EAAA000DEB5B1 /* SwiftDemosUITests */ = {
			isa = PBXNativeTarget;
			buildConfigurationList = 8EAB1356268EAAA000DEB5B1 /* Build configuration list for PBXNativeTarget "SwiftDemosUITests" */;
			buildPhases = (
				8EAB1343268EAAA000DEB5B1 /* Sources */,
				8EAB1344268EAAA000DEB5B1 /* Frameworks */,
				8EAB1345268EAAA000DEB5B1 /* Resources */,
			);
			buildRules = (
			);
			dependencies = (
				8EAB1349268EAAA000DEB5B1 /* PBXTargetDependency */,
			);
			name = SwiftDemosUITests;
			productName = SwiftDemosUITests;
			productReference = 8EAB1347268EAAA000DEB5B1 /* SwiftDemosUITests.xctest */;
			productType = "com.apple.product-type.bundle.ui-testing";
		};
/* End PBXNativeTarget section */

/* Begin PBXProject section */
		8EAB131E268EAA9E00DEB5B1 /* Project object */ = {
			isa = PBXProject;
			attributes = {
				LastSwiftUpdateCheck = 1300;
				LastUpgradeCheck = 1240;
				TargetAttributes = {
					8E73AB2D27CDFE4F002649E1 = {
						CreatedOnToolsVersion = 13.0;
					};
					8EAB1325268EAA9E00DEB5B1 = {
						CreatedOnToolsVersion = 12.4;
					};
					8EAB133B268EAAA000DEB5B1 = {
						CreatedOnToolsVersion = 12.4;
						TestTargetID = 8EAB1325268EAA9E00DEB5B1;
					};
					8EAB1346268EAAA000DEB5B1 = {
						CreatedOnToolsVersion = 12.4;
						TestTargetID = 8EAB1325268EAA9E00DEB5B1;
					};
				};
			};
			buildConfigurationList = 8EAB1321268EAA9E00DEB5B1 /* Build configuration list for PBXProject "SwiftDemos" */;
			compatibilityVersion = "Xcode 9.3";
			developmentRegion = en;
			hasScannedForEncodings = 0;
			knownRegions = (
				en,
				Base,
			);
			mainGroup = 8EAB131D268EAA9E00DEB5B1;
			productRefGroup = 8EAB1327268EAA9E00DEB5B1 /* Products */;
			projectDirPath = "";
			projectRoot = "";
			targets = (
				8EAB1325268EAA9E00DEB5B1 /* SwiftDemos */,
				8EAB133B268EAAA000DEB5B1 /* SwiftDemosTests */,
				8EAB1346268EAAA000DEB5B1 /* SwiftDemosUITests */,
				8E73AB2D27CDFE4F002649E1 /* WidgetTestExtension */,
			);
		};
/* End PBXProject section */

/* Begin PBXResourcesBuildPhase section */
		8E73AB2C27CDFE4F002649E1 /* Resources */ = {
			isa = PBXResourcesBuildPhase;
			buildActionMask = 2147483647;
			files = (
				8E73AB3827CDFE53002649E1 /* Assets.xcassets in Resources */,
			);
			runOnlyForDeploymentPostprocessing = 0;
		};
		8EAB1324268EAA9E00DEB5B1 /* Resources */ = {
			isa = PBXResourcesBuildPhase;
			buildActionMask = 2147483647;
			files = (
				8EAB13E4268EDE4100DEB5B1 /* 4.png in Resources */,
				8EAB13DE268EDE4000DEB5B1 /* 18.png in Resources */,
				8EAB13E8268EDE4100DEB5B1 /* 2.png in Resources */,
				8EAB13E5268EDE4100DEB5B1 /* 5.png in Resources */,
				8EAB13DA268EDE4000DEB5B1 /* 27.png in Resources */,
				8EAB13DB268EDE4000DEB5B1 /* 33.png in Resources */,
				8EAB13D9268EDE4000DEB5B1 /* 23.png in Resources */,
				8EAB13E7268EDE4100DEB5B1 /* 6.png in Resources */,
				8EAB13CD268EDE4000DEB5B1 /* 12.png in Resources */,
				8EAB13C9268EDE4000DEB5B1 /* 29.png in Resources */,
				8EAB13DD268EDE4000DEB5B1 /* 26.png in Resources */,
				8EAB13C5268EDE4000DEB5B1 /* 8.png in Resources */,
				8EAB13D8268EDE4000DEB5B1 /* 37.png in Resources */,
				8EAB13E9268EDE4100DEB5B1 /* 3.png in Resources */,
				8EAB1336268EAAA000DEB5B1 /* LaunchScreen.storyboard in Resources */,
				8EAB1333268EAAA000DEB5B1 /* Assets.xcassets in Resources */,
				8EAB13CB268EDE4000DEB5B1 /* 17.png in Resources */,
				8EAB13D1268EDE4000DEB5B1 /* 38.png in Resources */,
				8EAB13D6268EDE4000DEB5B1 /* 22.png in Resources */,
				8EAB13C8268EDE4000DEB5B1 /* 28.png in Resources */,
				8EAB13CA268EDE4000DEB5B1 /* 15.png in Resources */,
				8EAB13DC268EDE4000DEB5B1 /* 32.png in Resources */,
				8EAB13C7268EDE4000DEB5B1 /* 14.png in Resources */,
				8EAB13CC268EDE4000DEB5B1 /* 16.png in Resources */,
				8EAB13E2268EDE4000DEB5B1 /* 31.png in Resources */,
				8EAB13D0268EDE4000DEB5B1 /* 10.png in Resources */,
				8EAB13D7268EDE4000DEB5B1 /* 36.png in Resources */,
				8EAB13EA268EDE4100DEB5B1 /* 1.png in Resources */,
				8EAB13CF268EDE4000DEB5B1 /* 11.png in Resources */,
				8EAB13EB268EDE4100DEB5B1 /* 0.png in Resources */,
				8EAB13D3268EDE4000DEB5B1 /* 21.png in Resources */,
				8EAB13DF268EDE4000DEB5B1 /* 30.png in Resources */,
				8EAB13C6268EDE4000DEB5B1 /* 9.png in Resources */,
				8EAB13D5268EDE4000DEB5B1 /* 34.png in Resources */,
				8EAB13D4268EDE4000DEB5B1 /* 20.png in Resources */,
				8EAB1331268EAA9E00DEB5B1 /* Main.storyboard in Resources */,
				8EAB13C4268EDE4000DEB5B1 /* 99.png in Resources */,
				8EAB13E3268EDE4100DEB5B1 /* 19.png in Resources */,
				8EAB1407268EEF3600DEB5B1 /* live.mp3 in Resources */,
				8EAB13CE268EDE4000DEB5B1 /* 13.png in Resources */,
				8EAB13D2268EDE4000DEB5B1 /* 35.png in Resources */,
				8EAB13E1268EDE4000DEB5B1 /* 25.png in Resources */,
				8EAB13E0268EDE4000DEB5B1 /* 24.png in Resources */,
				8EAB13E6268EDE4100DEB5B1 /* 7.png in Resources */,
			);
			runOnlyForDeploymentPostprocessing = 0;
		};
		8EAB133A268EAAA000DEB5B1 /* Resources */ = {
			isa = PBXResourcesBuildPhase;
			buildActionMask = 2147483647;
			files = (
			);
			runOnlyForDeploymentPostprocessing = 0;
		};
		8EAB1345268EAAA000DEB5B1 /* Resources */ = {
			isa = PBXResourcesBuildPhase;
			buildActionMask = 2147483647;
			files = (
			);
			runOnlyForDeploymentPostprocessing = 0;
		};
/* End PBXResourcesBuildPhase section */

/* Begin PBXShellScriptBuildPhase section */
		877D28DA09BDC049FA931F9F /* [CP] Check Pods Manifest.lock */ = {
			isa = PBXShellScriptBuildPhase;
			buildActionMask = 2147483647;
			files = (
			);
			inputFileListPaths = (
			);
			inputPaths = (
				"${PODS_PODFILE_DIR_PATH}/Podfile.lock",
				"${PODS_ROOT}/Manifest.lock",
			);
			name = "[CP] Check Pods Manifest.lock";
			outputFileListPaths = (
			);
			outputPaths = (
				"$(DERIVED_FILE_DIR)/Pods-SwiftDemos-checkManifestLockResult.txt",
			);
			runOnlyForDeploymentPostprocessing = 0;
			shellPath = /bin/sh;
			shellScript = "diff \"${PODS_PODFILE_DIR_PATH}/Podfile.lock\" \"${PODS_ROOT}/Manifest.lock\" > /dev/null\nif [ $? != 0 ] ; then\n    # print error to STDERR\n    echo \"error: The sandbox is not in sync with the Podfile.lock. Run 'pod install' or update your CocoaPods installation.\" >&2\n    exit 1\nfi\n# This output is used by Xcode 'outputs' to avoid re-running this script phase.\necho \"SUCCESS\" > \"${SCRIPT_OUTPUT_FILE_0}\"\n";
			showEnvVarsInLog = 0;
		};
		F68E96085135E512E0C2BEBC /* [CP] Embed Pods Frameworks */ = {
			isa = PBXShellScriptBuildPhase;
			buildActionMask = 2147483647;
			files = (
			);
			inputFileListPaths = (
				"${PODS_ROOT}/Target Support Files/Pods-SwiftDemos/Pods-SwiftDemos-frameworks-${CONFIGURATION}-input-files.xcfilelist",
			);
			name = "[CP] Embed Pods Frameworks";
			outputFileListPaths = (
				"${PODS_ROOT}/Target Support Files/Pods-SwiftDemos/Pods-SwiftDemos-frameworks-${CONFIGURATION}-output-files.xcfilelist",
			);
			runOnlyForDeploymentPostprocessing = 0;
			shellPath = /bin/sh;
			shellScript = "\"${PODS_ROOT}/Target Support Files/Pods-SwiftDemos/Pods-SwiftDemos-frameworks.sh\"\n";
			showEnvVarsInLog = 0;
		};
/* End PBXShellScriptBuildPhase section */

/* Begin PBXSourcesBuildPhase section */
		8E73AB2A27CDFE4F002649E1 /* Sources */ = {
			isa = PBXSourcesBuildPhase;
			buildActionMask = 2147483647;
			files = (
				8E73AB3A27CDFE53002649E1 /* WidgetTest.intentdefinition in Sources */,
				8E73AB3527CDFE50002649E1 /* WidgetTest.swift in Sources */,
			);
			runOnlyForDeploymentPostprocessing = 0;
		};
		8EAB1322268EAA9E00DEB5B1 /* Sources */ = {
			isa = PBXSourcesBuildPhase;
			buildActionMask = 2147483647;
			files = (
				8EE164DB2696A68E00F96808 /* ParallaxHeader.swift in Sources */,
				8EAB1385268EB69D00DEB5B1 /* WeatherViewController.swift in Sources */,
				8EDBA53026AFBB410094EB32 /* ReadTopBarView.swift in Sources */,
				8EB660D526AA679700EE506D /* DescriptionTabCell.swift in Sources */,
				8E73AB3B27CDFE53002649E1 /* WidgetTest.intentdefinition in Sources */,
				8E92A74027868FCC0020B65B /* Wireframe.swift in Sources */,
				8E742DEE2755FB060062C219 /* CustomButton.swift in Sources */,
				8EE164DA2696A68E00F96808 /* UIScrollView+ParallaxHeader.swift in Sources */,
				8EB6604926A6B43E00EE506D /* ContentDetailViewController.swift in Sources */,
				8EE164D92696A68E00F96808 /* ParallaxHeaderMode.swift in Sources */,
				8EAB1373268EB0EC00DEB5B1 /* MJBaseViewController.swift in Sources */,
				8EDBA52026AE660C0094EB32 /* BookDetailHeaderView.swift in Sources */,
				8EB660DF26AAA75A00EE506D /* GuessLikeCollectionCell.swift in Sources */,
				8E228C26269C37BF0012BF18 /* DetailStaticModel.swift in Sources */,
				8E92A744278697020020B65B /* BindingExtensions.swift in Sources */,
				8EDBA52B26AFB76C0094EB32 /* ChapterReadViewController.swift in Sources */,
				8E75BDEF26CF94C200F91E32 /* ReverseValueViewController.swift in Sources */,
				8EB6605826A7BEFD00EE506D /* ChapterCollectionCell.swift in Sources */,
				8E9590D5283247660035BC12 /* DropMenuView.swift in Sources */,
				8E92A73E27868F710020B65B /* DefaultImplementations.swift in Sources */,
				8EDBA52526AEB79C0094EB32 /* UIViewExtension.swift in Sources */,
				8E73AB4827D1AD65002649E1 /* RxSwiftViewController3.swift in Sources */,
				8EAB132E268EAA9E00DEB5B1 /* HomeViewController.swift in Sources */,
				8EDBA53526AFBC970094EB32 /* ReadBottomBarView.swift in Sources */,
				8EC317242692D22A00DE462C /* PickerViewController.swift in Sources */,
				8EAB138A268EB72E00DEB5B1 /* WeatherModel.swift in Sources */,
				8EE1644B2694410A00F96808 /* Tabbar.swift in Sources */,
				8EAB132A268EAA9E00DEB5B1 /* AppDelegate.swift in Sources */,
				8EAB13F6268EE0C700DEB5B1 /* TextInputViewController.swift in Sources */,
				8EE164AA26958D5F00F96808 /* UIColorExtension.swift in Sources */,
				8EE165292696EDD000F96808 /* TransCollectionCell.swift in Sources */,
				8EAB1402268EEDD800DEB5B1 /* AudioViewController.swift in Sources */,
				8E228C21269C36D90012BF18 /* BookDetailViewController.swift in Sources */,
				8E9590D3283244E10035BC12 /* DropDownMenuViewController.swift in Sources */,
				8E92A737278575AF0020B65B /* GithubSignupViewModel.swift in Sources */,
				8EC8DE06278450ED00707BB6 /* RxSimpleViewModel.swift in Sources */,
				8E848F852694380300520E28 /* TabbarViewController.swift in Sources */,
				8EE1648426955AB700F96808 /* Item.swift in Sources */,
				8E92A735278548580020B65B /* Protocols.swift in Sources */,
				8E75BDF426CF964B00F91E32 /* ReverseValueTwoViewController.swift in Sources */,
				8EE1646526945E2B00F96808 /* MessageViewController.swift in Sources */,
				8E848F9926943C6900520E28 /* MyViewController.swift in Sources */,
				8EE3E4C8277B02E80087C2AC /* RxSwiftViewController.swift in Sources */,
				8EAB136B268EB08F00DEB5B1 /* FontViewController.swift in Sources */,
				8EE16479269551BD00F96808 /* Content.swift in Sources */,
				8EE1650D2696E84C00F96808 /* TransitionViewController.swift in Sources */,
				8EC3171C2692B3B100DE462C /* StretchyViewController.swift in Sources */,
				8E8958922774439C0038CE42 /* ClosureLearnViewController.swift in Sources */,
				8E92A732278546690020B65B /* RxSwiftViewController2.swift in Sources */,
				8EE165242696ED8600F96808 /* TransitionModel.swift in Sources */,
				8EE164D126969FBC00F96808 /* MJNaviViewController.swift in Sources */,
				8EE165532696F85600F96808 /* CustomPopTransition.swift in Sources */,
				8E9590D928333C330035BC12 /* CodableViewController.swift in Sources */,
				8EE1645D26945B5200F96808 /* API.swift in Sources */,
				8E92A742278690280020B65B /* String+URL.swift in Sources */,
				8EB6605326A6B47500EE506D /* ContentCommentViewController.swift in Sources */,
				8EE164CC269693F600F96808 /* SettingViewController.swift in Sources */,
				8EB6604E26A6B46400EE506D /* ContentChapterViewController.swift in Sources */,
				8EB660D026A95FCB00EE506D /* CommentListTabCell.swift in Sources */,
				8ED6006426D4993D00B8140E /* SingleManager.swift in Sources */,
				8E228C1A269C19C30012BF18 /* MJAPI.swift in Sources */,
				8EAB1360268EABDB00DEB5B1 /* MJMacro.swift in Sources */,
				8EE165332696F0DC00F96808 /* CustomPushTransition.swift in Sources */,
				8E9590D728324ACB0035BC12 /* DropMenuViewProtocol.swift in Sources */,
				8EE6B2C7274F2C2000E77A52 /* SwiftCharacterViewController.swift in Sources */,
				8EB660DA26AA92E000EE506D /* GuessLikeTabCell.swift in Sources */,
				8E92A73C2785997A0020B65B /* ActivityIndicator.swift in Sources */,
				8E9590DB283367470035BC12 /* ProductModel.swift in Sources */,
				8EDBA54326B12DDA0094EB32 /* ReadCollectionViewCell.swift in Sources */,
				8EB6603726A6A1EE00EE506D /* MJPageViewController.swift in Sources */,
				8EE164C72695A75A00F96808 /* MyHeaderView.swift in Sources */,
				8EE1652E2696EFAE00F96808 /* TransDetailViewController.swift in Sources */,
				8EE165582697E6D900F96808 /* MJGlobal.swift in Sources */,
				8EB6605D26A7CECB00EE506D /* ChapterCollectionReusableView.swift in Sources */,
				8EE1648926955AD300F96808 /* User.swift in Sources */,
				8EE164A42695854E00F96808 /* MessageTabCell.swift in Sources */,
			);
			runOnlyForDeploymentPostprocessing = 0;
		};
		8EAB1338268EAAA000DEB5B1 /* Sources */ = {
			isa = PBXSourcesBuildPhase;
			buildActionMask = 2147483647;
			files = (
				8EAB1341268EAAA000DEB5B1 /* SwiftDemosTests.swift in Sources */,
			);
			runOnlyForDeploymentPostprocessing = 0;
		};
		8EAB1343268EAAA000DEB5B1 /* Sources */ = {
			isa = PBXSourcesBuildPhase;
			buildActionMask = 2147483647;
			files = (
				8EAB134C268EAAA000DEB5B1 /* SwiftDemosUITests.swift in Sources */,
			);
			runOnlyForDeploymentPostprocessing = 0;
		};
/* End PBXSourcesBuildPhase section */

/* Begin PBXTargetDependency section */
		8E73AB3D27CDFE53002649E1 /* PBXTargetDependency */ = {
			isa = PBXTargetDependency;
			target = 8E73AB2D27CDFE4F002649E1 /* WidgetTestExtension */;
			targetProxy = 8E73AB3C27CDFE53002649E1 /* PBXContainerItemProxy */;
		};
		8EAB133E268EAAA000DEB5B1 /* PBXTargetDependency */ = {
			isa = PBXTargetDependency;
			target = 8EAB1325268EAA9E00DEB5B1 /* SwiftDemos */;
			targetProxy = 8EAB133D268EAAA000DEB5B1 /* PBXContainerItemProxy */;
		};
		8EAB1349268EAAA000DEB5B1 /* PBXTargetDependency */ = {
			isa = PBXTargetDependency;
			target = 8EAB1325268EAA9E00DEB5B1 /* SwiftDemos */;
			targetProxy = 8EAB1348268EAAA000DEB5B1 /* PBXContainerItemProxy */;
		};
/* End PBXTargetDependency section */

/* Begin PBXVariantGroup section */
		8EAB132F268EAA9E00DEB5B1 /* Main.storyboard */ = {
			isa = PBXVariantGroup;
			children = (
				8EAB1330268EAA9E00DEB5B1 /* Base */,
			);
			name = Main.storyboard;
			sourceTree = "<group>";
		};
		8EAB1334268EAAA000DEB5B1 /* LaunchScreen.storyboard */ = {
			isa = PBXVariantGroup;
			children = (
				8EAB1335268EAAA000DEB5B1 /* Base */,
			);
			name = LaunchScreen.storyboard;
			sourceTree = "<group>";
		};
/* End PBXVariantGroup section */

/* Begin XCBuildConfiguration section */
		8E73AB4027CDFE53002649E1 /* Debug */ = {
			isa = XCBuildConfiguration;
			buildSettings = {
				ASSETCATALOG_COMPILER_GLOBAL_ACCENT_COLOR_NAME = AccentColor;
				ASSETCATALOG_COMPILER_WIDGET_BACKGROUND_COLOR_NAME = WidgetBackground;
				CLANG_CXX_LANGUAGE_STANDARD = "gnu++17";
				CODE_SIGN_ENTITLEMENTS = WidgetTestExtension.entitlements;
				CODE_SIGN_IDENTITY = "Apple Development";
				CODE_SIGN_STYLE = Automatic;
				CURRENT_PROJECT_VERSION = 1;
				DEVELOPMENT_TEAM = DL24X2CRR9;
				GENERATE_INFOPLIST_FILE = YES;
				INFOPLIST_FILE = WidgetTest/Info.plist;
				INFOPLIST_KEY_CFBundleDisplayName = WidgetTest;
				INFOPLIST_KEY_NSHumanReadableCopyright = "";
				IPHONEOS_DEPLOYMENT_TARGET = 15.0;
				LD_RUNPATH_SEARCH_PATHS = (
					"$(inherited)",
					"@executable_path/Frameworks",
					"@executable_path/../../Frameworks",
				);
				MARKETING_VERSION = 1.0;
				PRODUCT_BUNDLE_IDENTIFIER = com.ydq.qcloudparent.widgetTest;
				PRODUCT_NAME = "$(TARGET_NAME)";
				PROVISIONING_PROFILE_SPECIFIER = "";
				SKIP_INSTALL = YES;
				SWIFT_EMIT_LOC_STRINGS = YES;
				SWIFT_VERSION = 5.0;
				TARGETED_DEVICE_FAMILY = "1,2";
			};
			name = Debug;
		};
		8E73AB4127CDFE53002649E1 /* Release */ = {
			isa = XCBuildConfiguration;
			buildSettings = {
				ASSETCATALOG_COMPILER_GLOBAL_ACCENT_COLOR_NAME = AccentColor;
				ASSETCATALOG_COMPILER_WIDGET_BACKGROUND_COLOR_NAME = WidgetBackground;
				CLANG_CXX_LANGUAGE_STANDARD = "gnu++17";
				CODE_SIGN_ENTITLEMENTS = WidgetTestExtension.entitlements;
				CODE_SIGN_IDENTITY = "Apple Development";
				CODE_SIGN_STYLE = Automatic;
				CURRENT_PROJECT_VERSION = 1;
				DEVELOPMENT_TEAM = DL24X2CRR9;
				GENERATE_INFOPLIST_FILE = YES;
				INFOPLIST_FILE = WidgetTest/Info.plist;
				INFOPLIST_KEY_CFBundleDisplayName = WidgetTest;
				INFOPLIST_KEY_NSHumanReadableCopyright = "";
				IPHONEOS_DEPLOYMENT_TARGET = 15.0;
				LD_RUNPATH_SEARCH_PATHS = (
					"$(inherited)",
					"@executable_path/Frameworks",
					"@executable_path/../../Frameworks",
				);
				MARKETING_VERSION = 1.0;
				PRODUCT_BUNDLE_IDENTIFIER = com.ydq.qcloudparent.widgetTest;
				PRODUCT_NAME = "$(TARGET_NAME)";
				PROVISIONING_PROFILE_SPECIFIER = "";
				SKIP_INSTALL = YES;
				SWIFT_EMIT_LOC_STRINGS = YES;
				SWIFT_VERSION = 5.0;
				TARGETED_DEVICE_FAMILY = "1,2";
			};
			name = Release;
		};
		8EAB134E268EAAA000DEB5B1 /* Debug */ = {
			isa = XCBuildConfiguration;
			buildSettings = {
				ALWAYS_SEARCH_USER_PATHS = NO;
				CLANG_ANALYZER_NONNULL = YES;
				CLANG_ANALYZER_NUMBER_OBJECT_CONVERSION = YES_AGGRESSIVE;
				CLANG_CXX_LANGUAGE_STANDARD = "gnu++14";
				CLANG_CXX_LIBRARY = "libc++";
				CLANG_ENABLE_MODULES = YES;
				CLANG_ENABLE_OBJC_ARC = YES;
				CLANG_ENABLE_OBJC_WEAK = YES;
				CLANG_WARN_BLOCK_CAPTURE_AUTORELEASING = YES;
				CLANG_WARN_BOOL_CONVERSION = YES;
				CLANG_WARN_COMMA = YES;
				CLANG_WARN_CONSTANT_CONVERSION = YES;
				CLANG_WARN_DEPRECATED_OBJC_IMPLEMENTATIONS = YES;
				CLANG_WARN_DIRECT_OBJC_ISA_USAGE = YES_ERROR;
				CLANG_WARN_DOCUMENTATION_COMMENTS = YES;
				CLANG_WARN_EMPTY_BODY = YES;
				CLANG_WARN_ENUM_CONVERSION = YES;
				CLANG_WARN_INFINITE_RECURSION = YES;
				CLANG_WARN_INT_CONVERSION = YES;
				CLANG_WARN_NON_LITERAL_NULL_CONVERSION = YES;
				CLANG_WARN_OBJC_IMPLICIT_RETAIN_SELF = YES;
				CLANG_WARN_OBJC_LITERAL_CONVERSION = YES;
				CLANG_WARN_OBJC_ROOT_CLASS = YES_ERROR;
				CLANG_WARN_QUOTED_INCLUDE_IN_FRAMEWORK_HEADER = YES;
				CLANG_WARN_RANGE_LOOP_ANALYSIS = YES;
				CLANG_WARN_STRICT_PROTOTYPES = YES;
				CLANG_WARN_SUSPICIOUS_MOVE = YES;
				CLANG_WARN_UNGUARDED_AVAILABILITY = YES_AGGRESSIVE;
				CLANG_WARN_UNREACHABLE_CODE = YES;
				CLANG_WARN__DUPLICATE_METHOD_MATCH = YES;
				COPY_PHASE_STRIP = NO;
				DEBUG_INFORMATION_FORMAT = dwarf;
				ENABLE_STRICT_OBJC_MSGSEND = YES;
				ENABLE_TESTABILITY = YES;
				GCC_C_LANGUAGE_STANDARD = gnu11;
				GCC_DYNAMIC_NO_PIC = NO;
				GCC_NO_COMMON_BLOCKS = YES;
				GCC_OPTIMIZATION_LEVEL = 0;
				GCC_PREPROCESSOR_DEFINITIONS = (
					"DEBUG=1",
					"$(inherited)",
				);
				GCC_WARN_64_TO_32_BIT_CONVERSION = YES;
				GCC_WARN_ABOUT_RETURN_TYPE = YES_ERROR;
				GCC_WARN_UNDECLARED_SELECTOR = YES;
				GCC_WARN_UNINITIALIZED_AUTOS = YES_AGGRESSIVE;
				GCC_WARN_UNUSED_FUNCTION = YES;
				GCC_WARN_UNUSED_VARIABLE = YES;
				IPHONEOS_DEPLOYMENT_TARGET = 10.0;
				MTL_ENABLE_DEBUG_INFO = INCLUDE_SOURCE;
				MTL_FAST_MATH = YES;
				ONLY_ACTIVE_ARCH = YES;
				SDKROOT = iphoneos;
				SWIFT_ACTIVE_COMPILATION_CONDITIONS = DEBUG;
				SWIFT_OPTIMIZATION_LEVEL = "-Onone";
			};
			name = Debug;
		};
		8EAB134F268EAAA000DEB5B1 /* Release */ = {
			isa = XCBuildConfiguration;
			buildSettings = {
				ALWAYS_SEARCH_USER_PATHS = NO;
				CLANG_ANALYZER_NONNULL = YES;
				CLANG_ANALYZER_NUMBER_OBJECT_CONVERSION = YES_AGGRESSIVE;
				CLANG_CXX_LANGUAGE_STANDARD = "gnu++14";
				CLANG_CXX_LIBRARY = "libc++";
				CLANG_ENABLE_MODULES = YES;
				CLANG_ENABLE_OBJC_ARC = YES;
				CLANG_ENABLE_OBJC_WEAK = YES;
				CLANG_WARN_BLOCK_CAPTURE_AUTORELEASING = YES;
				CLANG_WARN_BOOL_CONVERSION = YES;
				CLANG_WARN_COMMA = YES;
				CLANG_WARN_CONSTANT_CONVERSION = YES;
				CLANG_WARN_DEPRECATED_OBJC_IMPLEMENTATIONS = YES;
				CLANG_WARN_DIRECT_OBJC_ISA_USAGE = YES_ERROR;
				CLANG_WARN_DOCUMENTATION_COMMENTS = YES;
				CLANG_WARN_EMPTY_BODY = YES;
				CLANG_WARN_ENUM_CONVERSION = YES;
				CLANG_WARN_INFINITE_RECURSION = YES;
				CLANG_WARN_INT_CONVERSION = YES;
				CLANG_WARN_NON_LITERAL_NULL_CONVERSION = YES;
				CLANG_WARN_OBJC_IMPLICIT_RETAIN_SELF = YES;
				CLANG_WARN_OBJC_LITERAL_CONVERSION = YES;
				CLANG_WARN_OBJC_ROOT_CLASS = YES_ERROR;
				CLANG_WARN_QUOTED_INCLUDE_IN_FRAMEWORK_HEADER = YES;
				CLANG_WARN_RANGE_LOOP_ANALYSIS = YES;
				CLANG_WARN_STRICT_PROTOTYPES = YES;
				CLANG_WARN_SUSPICIOUS_MOVE = YES;
				CLANG_WARN_UNGUARDED_AVAILABILITY = YES_AGGRESSIVE;
				CLANG_WARN_UNREACHABLE_CODE = YES;
				CLANG_WARN__DUPLICATE_METHOD_MATCH = YES;
				COPY_PHASE_STRIP = NO;
				DEBUG_INFORMATION_FORMAT = "dwarf-with-dsym";
				ENABLE_NS_ASSERTIONS = NO;
				ENABLE_STRICT_OBJC_MSGSEND = YES;
				GCC_C_LANGUAGE_STANDARD = gnu11;
				GCC_NO_COMMON_BLOCKS = YES;
				GCC_WARN_64_TO_32_BIT_CONVERSION = YES;
				GCC_WARN_ABOUT_RETURN_TYPE = YES_ERROR;
				GCC_WARN_UNDECLARED_SELECTOR = YES;
				GCC_WARN_UNINITIALIZED_AUTOS = YES_AGGRESSIVE;
				GCC_WARN_UNUSED_FUNCTION = YES;
				GCC_WARN_UNUSED_VARIABLE = YES;
				IPHONEOS_DEPLOYMENT_TARGET = 10.0;
				MTL_ENABLE_DEBUG_INFO = NO;
				MTL_FAST_MATH = YES;
				SDKROOT = iphoneos;
				SWIFT_COMPILATION_MODE = wholemodule;
				SWIFT_OPTIMIZATION_LEVEL = "-O";
				VALIDATE_PRODUCT = YES;
			};
			name = Release;
		};
		8EAB1351268EAAA000DEB5B1 /* Debug */ = {
			isa = XCBuildConfiguration;
			baseConfigurationReference = 3B80AD907111B124C97B6BA3 /* Pods-SwiftDemos.debug.xcconfig */;
			buildSettings = {
				ALWAYS_EMBED_SWIFT_STANDARD_LIBRARIES = YES;
				ASSETCATALOG_COMPILER_APPICON_NAME = AppIcon;
				ASSETCATALOG_COMPILER_GLOBAL_ACCENT_COLOR_NAME = AccentColor;
				CODE_SIGN_ENTITLEMENTS = SwiftDemos/SwiftDemos.entitlements;
				CODE_SIGN_STYLE = Automatic;
				DEVELOPMENT_TEAM = DL24X2CRR9;
				INFOPLIST_FILE = SwiftDemos/Info.plist;
				IPHONEOS_DEPLOYMENT_TARGET = 10.0;
				LD_RUNPATH_SEARCH_PATHS = (
					"$(inherited)",
					"@executable_path/Frameworks",
				);
				PRODUCT_BUNDLE_IDENTIFIER = com.ydq.qcloudparent;
				PRODUCT_NAME = "$(TARGET_NAME)";
				SWIFT_VERSION = 5.0;
				TARGETED_DEVICE_FAMILY = "1,2";
			};
			name = Debug;
		};
		8EAB1352268EAAA000DEB5B1 /* Release */ = {
			isa = XCBuildConfiguration;
			baseConfigurationReference = 03D4E653F6616F7AEC4B0F1D /* Pods-SwiftDemos.release.xcconfig */;
			buildSettings = {
				ALWAYS_EMBED_SWIFT_STANDARD_LIBRARIES = YES;
				ASSETCATALOG_COMPILER_APPICON_NAME = AppIcon;
				ASSETCATALOG_COMPILER_GLOBAL_ACCENT_COLOR_NAME = AccentColor;
				CODE_SIGN_ENTITLEMENTS = SwiftDemos/SwiftDemos.entitlements;
				CODE_SIGN_STYLE = Automatic;
				DEVELOPMENT_TEAM = DL24X2CRR9;
				INFOPLIST_FILE = SwiftDemos/Info.plist;
				IPHONEOS_DEPLOYMENT_TARGET = 10.0;
				LD_RUNPATH_SEARCH_PATHS = (
					"$(inherited)",
					"@executable_path/Frameworks",
				);
				PRODUCT_BUNDLE_IDENTIFIER = com.ydq.qcloudparent;
				PRODUCT_NAME = "$(TARGET_NAME)";
				SWIFT_VERSION = 5.0;
				TARGETED_DEVICE_FAMILY = "1,2";
			};
			name = Release;
		};
		8EAB1354268EAAA000DEB5B1 /* Debug */ = {
			isa = XCBuildConfiguration;
			buildSettings = {
				ALWAYS_EMBED_SWIFT_STANDARD_LIBRARIES = YES;
				BUNDLE_LOADER = "$(TEST_HOST)";
				CODE_SIGN_STYLE = Automatic;
				INFOPLIST_FILE = SwiftDemosTests/Info.plist;
				IPHONEOS_DEPLOYMENT_TARGET = 14.4;
				LD_RUNPATH_SEARCH_PATHS = (
					"$(inherited)",
					"@executable_path/Frameworks",
					"@loader_path/Frameworks",
				);
				PRODUCT_BUNDLE_IDENTIFIER = minjing.lin.SwiftDemosTests;
				PRODUCT_NAME = "$(TARGET_NAME)";
				SWIFT_VERSION = 5.0;
				TARGETED_DEVICE_FAMILY = "1,2";
				TEST_HOST = "$(BUILT_PRODUCTS_DIR)/SwiftDemos.app/SwiftDemos";
			};
			name = Debug;
		};
		8EAB1355268EAAA000DEB5B1 /* Release */ = {
			isa = XCBuildConfiguration;
			buildSettings = {
				ALWAYS_EMBED_SWIFT_STANDARD_LIBRARIES = YES;
				BUNDLE_LOADER = "$(TEST_HOST)";
				CODE_SIGN_STYLE = Automatic;
				INFOPLIST_FILE = SwiftDemosTests/Info.plist;
				IPHONEOS_DEPLOYMENT_TARGET = 14.4;
				LD_RUNPATH_SEARCH_PATHS = (
					"$(inherited)",
					"@executable_path/Frameworks",
					"@loader_path/Frameworks",
				);
				PRODUCT_BUNDLE_IDENTIFIER = minjing.lin.SwiftDemosTests;
				PRODUCT_NAME = "$(TARGET_NAME)";
				SWIFT_VERSION = 5.0;
				TARGETED_DEVICE_FAMILY = "1,2";
				TEST_HOST = "$(BUILT_PRODUCTS_DIR)/SwiftDemos.app/SwiftDemos";
			};
			name = Release;
		};
		8EAB1357268EAAA000DEB5B1 /* Debug */ = {
			isa = XCBuildConfiguration;
			buildSettings = {
				ALWAYS_EMBED_SWIFT_STANDARD_LIBRARIES = YES;
				CODE_SIGN_STYLE = Automatic;
				INFOPLIST_FILE = SwiftDemosUITests/Info.plist;
				LD_RUNPATH_SEARCH_PATHS = (
					"$(inherited)",
					"@executable_path/Frameworks",
					"@loader_path/Frameworks",
				);
				PRODUCT_BUNDLE_IDENTIFIER = minjing.lin.SwiftDemosUITests;
				PRODUCT_NAME = "$(TARGET_NAME)";
				SWIFT_VERSION = 5.0;
				TARGETED_DEVICE_FAMILY = "1,2";
				TEST_TARGET_NAME = SwiftDemos;
			};
			name = Debug;
		};
		8EAB1358268EAAA000DEB5B1 /* Release */ = {
			isa = XCBuildConfiguration;
			buildSettings = {
				ALWAYS_EMBED_SWIFT_STANDARD_LIBRARIES = YES;
				CODE_SIGN_STYLE = Automatic;
				INFOPLIST_FILE = SwiftDemosUITests/Info.plist;
				LD_RUNPATH_SEARCH_PATHS = (
					"$(inherited)",
					"@executable_path/Frameworks",
					"@loader_path/Frameworks",
				);
				PRODUCT_BUNDLE_IDENTIFIER = minjing.lin.SwiftDemosUITests;
				PRODUCT_NAME = "$(TARGET_NAME)";
				SWIFT_VERSION = 5.0;
				TARGETED_DEVICE_FAMILY = "1,2";
				TEST_TARGET_NAME = SwiftDemos;
			};
			name = Release;
		};
/* End XCBuildConfiguration section */

/* Begin XCConfigurationList section */
		8E73AB3F27CDFE53002649E1 /* Build configuration list for PBXNativeTarget "WidgetTestExtension" */ = {
			isa = XCConfigurationList;
			buildConfigurations = (
				8E73AB4027CDFE53002649E1 /* Debug */,
				8E73AB4127CDFE53002649E1 /* Release */,
			);
			defaultConfigurationIsVisible = 0;
			defaultConfigurationName = Release;
		};
		8EAB1321268EAA9E00DEB5B1 /* Build configuration list for PBXProject "SwiftDemos" */ = {
			isa = XCConfigurationList;
			buildConfigurations = (
				8EAB134E268EAAA000DEB5B1 /* Debug */,
				8EAB134F268EAAA000DEB5B1 /* Release */,
			);
			defaultConfigurationIsVisible = 0;
			defaultConfigurationName = Release;
		};
		8EAB1350268EAAA000DEB5B1 /* Build configuration list for PBXNativeTarget "SwiftDemos" */ = {
			isa = XCConfigurationList;
			buildConfigurations = (
				8EAB1351268EAAA000DEB5B1 /* Debug */,
				8EAB1352268EAAA000DEB5B1 /* Release */,
			);
			defaultConfigurationIsVisible = 0;
			defaultConfigurationName = Release;
		};
		8EAB1353268EAAA000DEB5B1 /* Build configuration list for PBXNativeTarget "SwiftDemosTests" */ = {
			isa = XCConfigurationList;
			buildConfigurations = (
				8EAB1354268EAAA000DEB5B1 /* Debug */,
				8EAB1355268EAAA000DEB5B1 /* Release */,
			);
			defaultConfigurationIsVisible = 0;
			defaultConfigurationName = Release;
		};
		8EAB1356268EAAA000DEB5B1 /* Build configuration list for PBXNativeTarget "SwiftDemosUITests" */ = {
			isa = XCConfigurationList;
			buildConfigurations = (
				8EAB1357268EAAA000DEB5B1 /* Debug */,
				8EAB1358268EAAA000DEB5B1 /* Release */,
			);
			defaultConfigurationIsVisible = 0;
			defaultConfigurationName = Release;
		};
/* End XCConfigurationList section */
	};
	rootObject = 8EAB131E268EAA9E00DEB5B1 /* Project object */;
}
