// !$*UTF8*$!
{
	archiveVersion = 1;
	classes = {
	};
	objectVersion = 50;
	objects = {

/* Begin PBXBuildFile section */
		572C89F52445588A00A7A6E8 /* AppDelegate.swift in Sources */ = {isa = PBXBuildFile; fileRef = 572C89F42445588A00A7A6E8 /* AppDelegate.swift */; };
		572C89F72445588A00A7A6E8 /* SceneDelegate.swift in Sources */ = {isa = PBXBuildFile; fileRef = 572C89F62445588A00A7A6E8 /* SceneDelegate.swift */; };
		572C89F92445588A00A7A6E8 /* ViewController.swift in Sources */ = {isa = PBXBuildFile; fileRef = 572C89F82445588A00A7A6E8 /* ViewController.swift */; };
		572C89FC2445588A00A7A6E8 /* Main.storyboard in Resources */ = {isa = PBXBuildFile; fileRef = 572C89FA2445588A00A7A6E8 /* Main.storyboard */; };
		572C89FE2445588B00A7A6E8 /* Assets.xcassets in Resources */ = {isa = PBXBuildFile; fileRef = 572C89FD2445588B00A7A6E8 /* Assets.xcassets */; };
		572C8A012445588B00A7A6E8 /* LaunchScreen.storyboard in Resources */ = {isa = PBXBuildFile; fileRef = 572C89FF2445588B00A7A6E8 /* LaunchScreen.storyboard */; };
		572C8A0C2445588B00A7A6E8 /* InputView03Tests.swift in Sources */ = {isa = PBXBuildFile; fileRef = 572C8A0B2445588B00A7A6E8 /* InputView03Tests.swift */; };
		572C8A172445588B00A7A6E8 /* InputView03UITests.swift in Sources */ = {isa = PBXBuildFile; fileRef = 572C8A162445588B00A7A6E8 /* InputView03UITests.swift */; };
/* End PBXBuildFile section */

/* Begin PBXContainerItemProxy section */
		572C8A082445588B00A7A6E8 /* PBXContainerItemProxy */ = {
			isa = PBXContainerItemProxy;
			containerPortal = 572C89E92445588A00A7A6E8 /* Project object */;
			proxyType = 1;
			remoteGlobalIDString = 572C89F02445588A00A7A6E8;
			remoteInfo = InputView03;
		};
		572C8A132445588B00A7A6E8 /* PBXContainerItemProxy */ = {
			isa = PBXContainerItemProxy;
			containerPortal = 572C89E92445588A00A7A6E8 /* Project object */;
			proxyType = 1;
			remoteGlobalIDString = 572C89F02445588A00A7A6E8;
			remoteInfo = InputView03;
		};
/* End PBXContainerItemProxy section */

/* Begin PBXFileReference section */
		572C89F12445588A00A7A6E8 /* InputView03.app */ = {isa = PBXFileReference; explicitFileType = wrapper.application; includeInIndex = 0; path = InputView03.app; sourceTree = BUILT_PRODUCTS_DIR; };
		572C89F42445588A00A7A6E8 /* AppDelegate.swift */ = {isa = PBXFileReference; lastKnownFileType = sourcecode.swift; path = AppDelegate.swift; sourceTree = "<group>"; };
		572C89F62445588A00A7A6E8 /* SceneDelegate.swift */ = {isa = PBXFileReference; lastKnownFileType = sourcecode.swift; path = SceneDelegate.swift; sourceTree = "<group>"; };
		572C89F82445588A00A7A6E8 /* ViewController.swift */ = {isa = PBXFileReference; lastKnownFileType = sourcecode.swift; path = ViewController.swift; sourceTree = "<group>"; };
		572C89FB2445588A00A7A6E8 /* Base */ = {isa = PBXFileReference; lastKnownFileType = file.storyboard; name = Base; path = Base.lproj/Main.storyboard; sourceTree = "<group>"; };
		572C89FD2445588B00A7A6E8 /* Assets.xcassets */ = {isa = PBXFileReference; lastKnownFileType = folder.assetcatalog; path = Assets.xcassets; sourceTree = "<group>"; };
		572C8A002445588B00A7A6E8 /* Base */ = {isa = PBXFileReference; lastKnownFileType = file.storyboard; name = Base; path = Base.lproj/LaunchScreen.storyboard; sourceTree = "<group>"; };
		572C8A022445588B00A7A6E8 /* Info.plist */ = {isa = PBXFileReference; lastKnownFileType = text.plist.xml; path = Info.plist; sourceTree = "<group>"; };
		572C8A072445588B00A7A6E8 /* InputView03Tests.xctest */ = {isa = PBXFileReference; explicitFileType = wrapper.cfbundle; includeInIndex = 0; path = InputView03Tests.xctest; sourceTree = BUILT_PRODUCTS_DIR; };
		572C8A0B2445588B00A7A6E8 /* InputView03Tests.swift */ = {isa = PBXFileReference; lastKnownFileType = sourcecode.swift; path = InputView03Tests.swift; sourceTree = "<group>"; };
		572C8A0D2445588B00A7A6E8 /* Info.plist */ = {isa = PBXFileReference; lastKnownFileType = text.plist.xml; path = Info.plist; sourceTree = "<group>"; };
		572C8A122445588B00A7A6E8 /* InputView03UITests.xctest */ = {isa = PBXFileReference; explicitFileType = wrapper.cfbundle; includeInIndex = 0; path = InputView03UITests.xctest; sourceTree = BUILT_PRODUCTS_DIR; };
		572C8A162445588B00A7A6E8 /* InputView03UITests.swift */ = {isa = PBXFileReference; lastKnownFileType = sourcecode.swift; path = InputView03UITests.swift; sourceTree = "<group>"; };
		572C8A182445588B00A7A6E8 /* Info.plist */ = {isa = PBXFileReference; lastKnownFileType = text.plist.xml; path = Info.plist; sourceTree = "<group>"; };
/* End PBXFileReference section */

/* Begin PBXFrameworksBuildPhase section */
		572C89EE2445588A00A7A6E8 /* Frameworks */ = {
			isa = PBXFrameworksBuildPhase;
			buildActionMask = 2147483647;
			files = (
			);
			runOnlyForDeploymentPostprocessing = 0;
		};
		572C8A042445588B00A7A6E8 /* Frameworks */ = {
			isa = PBXFrameworksBuildPhase;
			buildActionMask = 2147483647;
			files = (
			);
			runOnlyForDeploymentPostprocessing = 0;
		};
		572C8A0F2445588B00A7A6E8 /* Frameworks */ = {
			isa = PBXFrameworksBuildPhase;
			buildActionMask = 2147483647;
			files = (
			);
			runOnlyForDeploymentPostprocessing = 0;
		};
/* End PBXFrameworksBuildPhase section */

/* Begin PBXGroup section */
		572C89E82445588A00A7A6E8 = {
			isa = PBXGroup;
			children = (
				572C89F32445588A00A7A6E8 /* InputView03 */,
				572C8A0A2445588B00A7A6E8 /* InputView03Tests */,
				572C8A152445588B00A7A6E8 /* InputView03UITests */,
				572C89F22445588A00A7A6E8 /* Products */,
			);
			sourceTree = "<group>";
		};
		572C89F22445588A00A7A6E8 /* Products */ = {
			isa = PBXGroup;
			children = (
				572C89F12445588A00A7A6E8 /* InputView03.app */,
				572C8A072445588B00A7A6E8 /* InputView03Tests.xctest */,
				572C8A122445588B00A7A6E8 /* InputView03UITests.xctest */,
			);
			name = Products;
			sourceTree = "<group>";
		};
		572C89F32445588A00A7A6E8 /* InputView03 */ = {
			isa = PBXGroup;
			children = (
				572C89F42445588A00A7A6E8 /* AppDelegate.swift */,
				572C89F62445588A00A7A6E8 /* SceneDelegate.swift */,
				572C89F82445588A00A7A6E8 /* ViewController.swift */,
				572C89FA2445588A00A7A6E8 /* Main.storyboard */,
				572C89FD2445588B00A7A6E8 /* Assets.xcassets */,
				572C89FF2445588B00A7A6E8 /* LaunchScreen.storyboard */,
				572C8A022445588B00A7A6E8 /* Info.plist */,
			);
			path = InputView03;
			sourceTree = "<group>";
		};
		572C8A0A2445588B00A7A6E8 /* InputView03Tests */ = {
			isa = PBXGroup;
			children = (
				572C8A0B2445588B00A7A6E8 /* InputView03Tests.swift */,
				572C8A0D2445588B00A7A6E8 /* Info.plist */,
			);
			path = InputView03Tests;
			sourceTree = "<group>";
		};
		572C8A152445588B00A7A6E8 /* InputView03UITests */ = {
			isa = PBXGroup;
			children = (
				572C8A162445588B00A7A6E8 /* InputView03UITests.swift */,
				572C8A182445588B00A7A6E8 /* Info.plist */,
			);
			path = InputView03UITests;
			sourceTree = "<group>";
		};
/* End PBXGroup section */

/* Begin PBXNativeTarget section */
		572C89F02445588A00A7A6E8 /* InputView03 */ = {
			isa = PBXNativeTarget;
			buildConfigurationList = 572C8A1B2445588B00A7A6E8 /* Build configuration list for PBXNativeTarget "InputView03" */;
			buildPhases = (
				572C89ED2445588A00A7A6E8 /* Sources */,
				572C89EE2445588A00A7A6E8 /* Frameworks */,
				572C89EF2445588A00A7A6E8 /* Resources */,
			);
			buildRules = (
			);
			dependencies = (
			);
			name = InputView03;
			productName = InputView03;
			productReference = 572C89F12445588A00A7A6E8 /* InputView03.app */;
			productType = "com.apple.product-type.application";
		};
		572C8A062445588B00A7A6E8 /* InputView03Tests */ = {
			isa = PBXNativeTarget;
			buildConfigurationList = 572C8A1E2445588B00A7A6E8 /* Build configuration list for PBXNativeTarget "InputView03Tests" */;
			buildPhases = (
				572C8A032445588B00A7A6E8 /* Sources */,
				572C8A042445588B00A7A6E8 /* Frameworks */,
				572C8A052445588B00A7A6E8 /* Resources */,
			);
			buildRules = (
			);
			dependencies = (
				572C8A092445588B00A7A6E8 /* PBXTargetDependency */,
			);
			name = InputView03Tests;
			productName = InputView03Tests;
			productReference = 572C8A072445588B00A7A6E8 /* InputView03Tests.xctest */;
			productType = "com.apple.product-type.bundle.unit-test";
		};
		572C8A112445588B00A7A6E8 /* InputView03UITests */ = {
			isa = PBXNativeTarget;
			buildConfigurationList = 572C8A212445588B00A7A6E8 /* Build configuration list for PBXNativeTarget "InputView03UITests" */;
			buildPhases = (
				572C8A0E2445588B00A7A6E8 /* Sources */,
				572C8A0F2445588B00A7A6E8 /* Frameworks */,
				572C8A102445588B00A7A6E8 /* Resources */,
			);
			buildRules = (
			);
			dependencies = (
				572C8A142445588B00A7A6E8 /* PBXTargetDependency */,
			);
			name = InputView03UITests;
			productName = InputView03UITests;
			productReference = 572C8A122445588B00A7A6E8 /* InputView03UITests.xctest */;
			productType = "com.apple.product-type.bundle.ui-testing";
		};
/* End PBXNativeTarget section */

/* Begin PBXProject section */
		572C89E92445588A00A7A6E8 /* Project object */ = {
			isa = PBXProject;
			attributes = {
				LastSwiftUpdateCheck = 1120;
				LastUpgradeCheck = 1120;
				ORGANIZATIONNAME = MinJing_Lin;
				TargetAttributes = {
					572C89F02445588A00A7A6E8 = {
						CreatedOnToolsVersion = 11.2.1;
					};
					572C8A062445588B00A7A6E8 = {
						CreatedOnToolsVersion = 11.2.1;
						TestTargetID = 572C89F02445588A00A7A6E8;
					};
					572C8A112445588B00A7A6E8 = {
						CreatedOnToolsVersion = 11.2.1;
						TestTargetID = 572C89F02445588A00A7A6E8;
					};
				};
			};
			buildConfigurationList = 572C89EC2445588A00A7A6E8 /* Build configuration list for PBXProject "InputView03" */;
			compatibilityVersion = "Xcode 9.3";
			developmentRegion = en;
			hasScannedForEncodings = 0;
			knownRegions = (
				en,
				Base,
			);
			mainGroup = 572C89E82445588A00A7A6E8;
			productRefGroup = 572C89F22445588A00A7A6E8 /* Products */;
			projectDirPath = "";
			projectRoot = "";
			targets = (
				572C89F02445588A00A7A6E8 /* InputView03 */,
				572C8A062445588B00A7A6E8 /* InputView03Tests */,
				572C8A112445588B00A7A6E8 /* InputView03UITests */,
			);
		};
/* End PBXProject section */

/* Begin PBXResourcesBuildPhase section */
		572C89EF2445588A00A7A6E8 /* Resources */ = {
			isa = PBXResourcesBuildPhase;
			buildActionMask = 2147483647;
			files = (
				572C8A012445588B00A7A6E8 /* LaunchScreen.storyboard in Resources */,
				572C89FE2445588B00A7A6E8 /* Assets.xcassets in Resources */,
				572C89FC2445588A00A7A6E8 /* Main.storyboard in Resources */,
			);
			runOnlyForDeploymentPostprocessing = 0;
		};
		572C8A052445588B00A7A6E8 /* Resources */ = {
			isa = PBXResourcesBuildPhase;
			buildActionMask = 2147483647;
			files = (
			);
			runOnlyForDeploymentPostprocessing = 0;
		};
		572C8A102445588B00A7A6E8 /* Resources */ = {
			isa = PBXResourcesBuildPhase;
			buildActionMask = 2147483647;
			files = (
			);
			runOnlyForDeploymentPostprocessing = 0;
		};
/* End PBXResourcesBuildPhase section */

/* Begin PBXSourcesBuildPhase section */
		572C89ED2445588A00A7A6E8 /* Sources */ = {
			isa = PBXSourcesBuildPhase;
			buildActionMask = 2147483647;
			files = (
				572C89F92445588A00A7A6E8 /* ViewController.swift in Sources */,
				572C89F52445588A00A7A6E8 /* AppDelegate.swift in Sources */,
				572C89F72445588A00A7A6E8 /* SceneDelegate.swift in Sources */,
			);
			runOnlyForDeploymentPostprocessing = 0;
		};
		572C8A032445588B00A7A6E8 /* Sources */ = {
			isa = PBXSourcesBuildPhase;
			buildActionMask = 2147483647;
			files = (
				572C8A0C2445588B00A7A6E8 /* InputView03Tests.swift in Sources */,
			);
			runOnlyForDeploymentPostprocessing = 0;
		};
		572C8A0E2445588B00A7A6E8 /* Sources */ = {
			isa = PBXSourcesBuildPhase;
			buildActionMask = 2147483647;
			files = (
				572C8A172445588B00A7A6E8 /* InputView03UITests.swift in Sources */,
			);
			runOnlyForDeploymentPostprocessing = 0;
		};
/* End PBXSourcesBuildPhase section */

/* Begin PBXTargetDependency section */
		572C8A092445588B00A7A6E8 /* PBXTargetDependency */ = {
			isa = PBXTargetDependency;
			target = 572C89F02445588A00A7A6E8 /* InputView03 */;
			targetProxy = 572C8A082445588B00A7A6E8 /* PBXContainerItemProxy */;
		};
		572C8A142445588B00A7A6E8 /* PBXTargetDependency */ = {
			isa = PBXTargetDependency;
			target = 572C89F02445588A00A7A6E8 /* InputView03 */;
			targetProxy = 572C8A132445588B00A7A6E8 /* PBXContainerItemProxy */;
		};
/* End PBXTargetDependency section */

/* Begin PBXVariantGroup section */
		572C89FA2445588A00A7A6E8 /* Main.storyboard */ = {
			isa = PBXVariantGroup;
			children = (
				572C89FB2445588A00A7A6E8 /* Base */,
			);
			name = Main.storyboard;
			sourceTree = "<group>";
		};
		572C89FF2445588B00A7A6E8 /* LaunchScreen.storyboard */ = {
			isa = PBXVariantGroup;
			children = (
				572C8A002445588B00A7A6E8 /* Base */,
			);
			name = LaunchScreen.storyboard;
			sourceTree = "<group>";
		};
/* End PBXVariantGroup section */

/* Begin XCBuildConfiguration section */
		572C8A192445588B00A7A6E8 /* Debug */ = {
			isa = XCBuildConfiguration;
			buildSettings = {
				ALWAYS_SEARCH_USER_PATHS = NO;
				CLANG_ANALYZER_NONNULL = YES;
				CLANG_ANALYZER_NUMBER_OBJECT_CONVERSION = YES_AGGRESSIVE;
				CLANG_CXX_LANGUAGE_STANDARD = "gnu++14";
				CLANG_CXX_LIBRARY = "libc++";
				CLANG_ENABLE_MODULES = YES;
				CLANG_ENABLE_OBJC_ARC = YES;
				CLANG_ENABLE_OBJC_WEAK = YES;
				CLANG_WARN_BLOCK_CAPTURE_AUTORELEASING = YES;
				CLANG_WARN_BOOL_CONVERSION = YES;
				CLANG_WARN_COMMA = YES;
				CLANG_WARN_CONSTANT_CONVERSION = YES;
				CLANG_WARN_DEPRECATED_OBJC_IMPLEMENTATIONS = YES;
				CLANG_WARN_DIRECT_OBJC_ISA_USAGE = YES_ERROR;
				CLANG_WARN_DOCUMENTATION_COMMENTS = YES;
				CLANG_WARN_EMPTY_BODY = YES;
				CLANG_WARN_ENUM_CONVERSION = YES;
				CLANG_WARN_INFINITE_RECURSION = YES;
				CLANG_WARN_INT_CONVERSION = YES;
				CLANG_WARN_NON_LITERAL_NULL_CONVERSION = YES;
				CLANG_WARN_OBJC_IMPLICIT_RETAIN_SELF = YES;
				CLANG_WARN_OBJC_LITERAL_CONVERSION = YES;
				CLANG_WARN_OBJC_ROOT_CLASS = YES_ERROR;
				CLANG_WARN_RANGE_LOOP_ANALYSIS = YES;
				CLANG_WARN_STRICT_PROTOTYPES = YES;
				CLANG_WARN_SUSPICIOUS_MOVE = YES;
				CLANG_WARN_UNGUARDED_AVAILABILITY = YES_AGGRESSIVE;
				CLANG_WARN_UNREACHABLE_CODE = YES;
				CLANG_WARN__DUPLICATE_METHOD_MATCH = YES;
				COPY_PHASE_STRIP = NO;
				DEBUG_INFORMATION_FORMAT = dwarf;
				ENABLE_STRICT_OBJC_MSGSEND = YES;
				ENABLE_TESTABILITY = YES;
				GCC_C_LANGUAGE_STANDARD = gnu11;
				GCC_DYNAMIC_NO_PIC = NO;
				GCC_NO_COMMON_BLOCKS = YES;
				GCC_OPTIMIZATION_LEVEL = 0;
				GCC_PREPROCESSOR_DEFINITIONS = (
					"DEBUG=1",
					"$(inherited)",
				);
				GCC_WARN_64_TO_32_BIT_CONVERSION = YES;
				GCC_WARN_ABOUT_RETURN_TYPE = YES_ERROR;
				GCC_WARN_UNDECLARED_SELECTOR = YES;
				GCC_WARN_UNINITIALIZED_AUTOS = YES_AGGRESSIVE;
				GCC_WARN_UNUSED_FUNCTION = YES;
				GCC_WARN_UNUSED_VARIABLE = YES;
				IPHONEOS_DEPLOYMENT_TARGET = 13.2;
				MTL_ENABLE_DEBUG_INFO = INCLUDE_SOURCE;
				MTL_FAST_MATH = YES;
				ONLY_ACTIVE_ARCH = YES;
				SDKROOT = iphoneos;
				SWIFT_ACTIVE_COMPILATION_CONDITIONS = DEBUG;
				SWIFT_OPTIMIZATION_LEVEL = "-Onone";
			};
			name = Debug;
		};
		572C8A1A2445588B00A7A6E8 /* Release */ = {
			isa = XCBuildConfiguration;
			buildSettings = {
				ALWAYS_SEARCH_USER_PATHS = NO;
				CLANG_ANALYZER_NONNULL = YES;
				CLANG_ANALYZER_NUMBER_OBJECT_CONVERSION = YES_AGGRESSIVE;
				CLANG_CXX_LANGUAGE_STANDARD = "gnu++14";
				CLANG_CXX_LIBRARY = "libc++";
				CLANG_ENABLE_MODULES = YES;
				CLANG_ENABLE_OBJC_ARC = YES;
				CLANG_ENABLE_OBJC_WEAK = YES;
				CLANG_WARN_BLOCK_CAPTURE_AUTORELEASING = YES;
				CLANG_WARN_BOOL_CONVERSION = YES;
				CLANG_WARN_COMMA = YES;
				CLANG_WARN_CONSTANT_CONVERSION = YES;
				CLANG_WARN_DEPRECATED_OBJC_IMPLEMENTATIONS = YES;
				CLANG_WARN_DIRECT_OBJC_ISA_USAGE = YES_ERROR;
				CLANG_WARN_DOCUMENTATION_COMMENTS = YES;
				CLANG_WARN_EMPTY_BODY = YES;
				CLANG_WARN_ENUM_CONVERSION = YES;
				CLANG_WARN_INFINITE_RECURSION = YES;
				CLANG_WARN_INT_CONVERSION = YES;
				CLANG_WARN_NON_LITERAL_NULL_CONVERSION = YES;
				CLANG_WARN_OBJC_IMPLICIT_RETAIN_SELF = YES;
				CLANG_WARN_OBJC_LITERAL_CONVERSION = YES;
				CLANG_WARN_OBJC_ROOT_CLASS = YES_ERROR;
				CLANG_WARN_RANGE_LOOP_ANALYSIS = YES;
				CLANG_WARN_STRICT_PROTOTYPES = YES;
				CLANG_WARN_SUSPICIOUS_MOVE = YES;
				CLANG_WARN_UNGUARDED_AVAILABILITY = YES_AGGRESSIVE;
				CLANG_WARN_UNREACHABLE_CODE = YES;
				CLANG_WARN__DUPLICATE_METHOD_MATCH = YES;
				COPY_PHASE_STRIP = NO;
				DEBUG_INFORMATION_FORMAT = "dwarf-with-dsym";
				ENABLE_NS_ASSERTIONS = NO;
				ENABLE_STRICT_OBJC_MSGSEND = YES;
				GCC_C_LANGUAGE_STANDARD = gnu11;
				GCC_NO_COMMON_BLOCKS = YES;
				GCC_WARN_64_TO_32_BIT_CONVERSION = YES;
				GCC_WARN_ABOUT_RETURN_TYPE = YES_ERROR;
				GCC_WARN_UNDECLARED_SELECTOR = YES;
				GCC_WARN_UNINITIALIZED_AUTOS = YES_AGGRESSIVE;
				GCC_WARN_UNUSED_FUNCTION = YES;
				GCC_WARN_UNUSED_VARIABLE = YES;
				IPHONEOS_DEPLOYMENT_TARGET = 13.2;
				MTL_ENABLE_DEBUG_INFO = NO;
				MTL_FAST_MATH = YES;
				SDKROOT = iphoneos;
				SWIFT_COMPILATION_MODE = wholemodule;
				SWIFT_OPTIMIZATION_LEVEL = "-O";
				VALIDATE_PRODUCT = YES;
			};
			name = Release;
		};
		572C8A1C2445588B00A7A6E8 /* Debug */ = {
			isa = XCBuildConfiguration;
			buildSettings = {
				ASSETCATALOG_COMPILER_APPICON_NAME = AppIcon;
				CODE_SIGN_STYLE = Automatic;
				INFOPLIST_FILE = InputView03/Info.plist;
				LD_RUNPATH_SEARCH_PATHS = (
					"$(inherited)",
					"@executable_path/Frameworks",
				);
				PRODUCT_BUNDLE_IDENTIFIER = "MinJing-Lin.InputView03";
				PRODUCT_NAME = "$(TARGET_NAME)";
				SWIFT_VERSION = 5.0;
				TARGETED_DEVICE_FAMILY = "1,2";
			};
			name = Debug;
		};
		572C8A1D2445588B00A7A6E8 /* Release */ = {
			isa = XCBuildConfiguration;
			buildSettings = {
				ASSETCATALOG_COMPILER_APPICON_NAME = AppIcon;
				CODE_SIGN_STYLE = Automatic;
				INFOPLIST_FILE = InputView03/Info.plist;
				LD_RUNPATH_SEARCH_PATHS = (
					"$(inherited)",
					"@executable_path/Frameworks",
				);
				PRODUCT_BUNDLE_IDENTIFIER = "MinJing-Lin.InputView03";
				PRODUCT_NAME = "$(TARGET_NAME)";
				SWIFT_VERSION = 5.0;
				TARGETED_DEVICE_FAMILY = "1,2";
			};
			name = Release;
		};
		572C8A1F2445588B00A7A6E8 /* Debug */ = {
			isa = XCBuildConfiguration;
			buildSettings = {
				ALWAYS_EMBED_SWIFT_STANDARD_LIBRARIES = YES;
				BUNDLE_LOADER = "$(TEST_HOST)";
				CODE_SIGN_STYLE = Automatic;
				INFOPLIST_FILE = InputView03Tests/Info.plist;
				IPHONEOS_DEPLOYMENT_TARGET = 13.2;
				LD_RUNPATH_SEARCH_PATHS = (
					"$(inherited)",
					"@executable_path/Frameworks",
					"@loader_path/Frameworks",
				);
				PRODUCT_BUNDLE_IDENTIFIER = "MinJing-Lin.InputView03Tests";
				PRODUCT_NAME = "$(TARGET_NAME)";
				SWIFT_VERSION = 5.0;
				TARGETED_DEVICE_FAMILY = "1,2";
				TEST_HOST = "$(BUILT_PRODUCTS_DIR)/InputView03.app/InputView03";
			};
			name = Debug;
		};
		572C8A202445588B00A7A6E8 /* Release */ = {
			isa = XCBuildConfiguration;
			buildSettings = {
				ALWAYS_EMBED_SWIFT_STANDARD_LIBRARIES = YES;
				BUNDLE_LOADER = "$(TEST_HOST)";
				CODE_SIGN_STYLE = Automatic;
				INFOPLIST_FILE = InputView03Tests/Info.plist;
				IPHONEOS_DEPLOYMENT_TARGET = 13.2;
				LD_RUNPATH_SEARCH_PATHS = (
					"$(inherited)",
					"@executable_path/Frameworks",
					"@loader_path/Frameworks",
				);
				PRODUCT_BUNDLE_IDENTIFIER = "MinJing-Lin.InputView03Tests";
				PRODUCT_NAME = "$(TARGET_NAME)";
				SWIFT_VERSION = 5.0;
				TARGETED_DEVICE_FAMILY = "1,2";
				TEST_HOST = "$(BUILT_PRODUCTS_DIR)/InputView03.app/InputView03";
			};
			name = Release;
		};
		572C8A222445588B00A7A6E8 /* Debug */ = {
			isa = XCBuildConfiguration;
			buildSettings = {
				ALWAYS_EMBED_SWIFT_STANDARD_LIBRARIES = YES;
				CODE_SIGN_STYLE = Automatic;
				INFOPLIST_FILE = InputView03UITests/Info.plist;
				LD_RUNPATH_SEARCH_PATHS = (
					"$(inherited)",
					"@executable_path/Frameworks",
					"@loader_path/Frameworks",
				);
				PRODUCT_BUNDLE_IDENTIFIER = "MinJing-Lin.InputView03UITests";
				PRODUCT_NAME = "$(TARGET_NAME)";
				SWIFT_VERSION = 5.0;
				TARGETED_DEVICE_FAMILY = "1,2";
				TEST_TARGET_NAME = InputView03;
			};
			name = Debug;
		};
		572C8A232445588B00A7A6E8 /* Release */ = {
			isa = XCBuildConfiguration;
			buildSettings = {
				ALWAYS_EMBED_SWIFT_STANDARD_LIBRARIES = YES;
				CODE_SIGN_STYLE = Automatic;
				INFOPLIST_FILE = InputView03UITests/Info.plist;
				LD_RUNPATH_SEARCH_PATHS = (
					"$(inherited)",
					"@executable_path/Frameworks",
					"@loader_path/Frameworks",
				);
				PRODUCT_BUNDLE_IDENTIFIER = "MinJing-Lin.InputView03UITests";
				PRODUCT_NAME = "$(TARGET_NAME)";
				SWIFT_VERSION = 5.0;
				TARGETED_DEVICE_FAMILY = "1,2";
				TEST_TARGET_NAME = InputView03;
			};
			name = Release;
		};
/* End XCBuildConfiguration section */

/* Begin XCConfigurationList section */
		572C89EC2445588A00A7A6E8 /* Build configuration list for PBXProject "InputView03" */ = {
			isa = XCConfigurationList;
			buildConfigurations = (
				572C8A192445588B00A7A6E8 /* Debug */,
				572C8A1A2445588B00A7A6E8 /* Release */,
			);
			defaultConfigurationIsVisible = 0;
			defaultConfigurationName = Release;
		};
		572C8A1B2445588B00A7A6E8 /* Build configuration list for PBXNativeTarget "InputView03" */ = {
			isa = XCConfigurationList;
			buildConfigurations = (
				572C8A1C2445588B00A7A6E8 /* Debug */,
				572C8A1D2445588B00A7A6E8 /* Release */,
			);
			defaultConfigurationIsVisible = 0;
			defaultConfigurationName = Release;
		};
		572C8A1E2445588B00A7A6E8 /* Build configuration list for PBXNativeTarget "InputView03Tests" */ = {
			isa = XCConfigurationList;
			buildConfigurations = (
				572C8A1F2445588B00A7A6E8 /* Debug */,
				572C8A202445588B00A7A6E8 /* Release */,
			);
			defaultConfigurationIsVisible = 0;
			defaultConfigurationName = Release;
		};
		572C8A212445588B00A7A6E8 /* Build configuration list for PBXNativeTarget "InputView03UITests" */ = {
			isa = XCConfigurationList;
			buildConfigurations = (
				572C8A222445588B00A7A6E8 /* Debug */,
				572C8A232445588B00A7A6E8 /* Release */,
			);
			defaultConfigurationIsVisible = 0;
			defaultConfigurationName = Release;
		};
/* End XCConfigurationList section */
	};
	rootObject = 572C89E92445588A00A7A6E8 /* Project object */;
}
